// !$*UTF8*$!
{
	archiveVersion = 1;
	classes = {
	};
	objectVersion = 56;
	objects = {

/* Begin PBXBuildFile section */
		112D7F5EE4519EE61062E6DF /* Pods_BeThere.framework in Frameworks */ = {isa = PBXBuildFile; fileRef = 9A46FDF8AD0B5CB5B7F9A24B /* Pods_BeThere.framework */; };
		79DDA67B29B4FB6F00B04E2A /* BeThereApp.swift in Sources */ = {isa = PBXBuildFile; fileRef = 79DDA67A29B4FB6F00B04E2A /* BeThereApp.swift */; };
		79DDA67D29B4FB6F00B04E2A /* ContentView.swift in Sources */ = {isa = PBXBuildFile; fileRef = 79DDA67C29B4FB6F00B04E2A /* ContentView.swift */; };
		79DDA67F29B4FB7000B04E2A /* Assets.xcassets in Resources */ = {isa = PBXBuildFile; fileRef = 79DDA67E29B4FB7000B04E2A /* Assets.xcassets */; };
		79DDA68229B4FB7000B04E2A /* Preview Assets.xcassets in Resources */ = {isa = PBXBuildFile; fileRef = 79DDA68129B4FB7000B04E2A /* Preview Assets.xcassets */; };
		79DDA68C29B4FB7000B04E2A /* BeThereTests.swift in Sources */ = {isa = PBXBuildFile; fileRef = 79DDA68B29B4FB7000B04E2A /* BeThereTests.swift */; };
		79DDA69629B4FB7000B04E2A /* BeThereUITests.swift in Sources */ = {isa = PBXBuildFile; fileRef = 79DDA69529B4FB7000B04E2A /* BeThereUITests.swift */; };
/* End PBXBuildFile section */

/* Begin PBXContainerItemProxy section */
		79DDA68829B4FB7000B04E2A /* PBXContainerItemProxy */ = {
			isa = PBXContainerItemProxy;
			containerPortal = 79DDA66F29B4FB6F00B04E2A /* Project object */;
			proxyType = 1;
			remoteGlobalIDString = 79DDA67629B4FB6F00B04E2A;
			remoteInfo = BeThere;
		};
		79DDA69229B4FB7000B04E2A /* PBXContainerItemProxy */ = {
			isa = PBXContainerItemProxy;
			containerPortal = 79DDA66F29B4FB6F00B04E2A /* Project object */;
			proxyType = 1;
			remoteGlobalIDString = 79DDA67629B4FB6F00B04E2A;
			remoteInfo = BeThere;
		};
/* End PBXContainerItemProxy section */

/* Begin PBXFileReference section */
		79DDA67729B4FB6F00B04E2A /* BeThere.app */ = {isa = PBXFileReference; explicitFileType = wrapper.application; includeInIndex = 0; path = BeThere.app; sourceTree = BUILT_PRODUCTS_DIR; };
		79DDA67A29B4FB6F00B04E2A /* BeThereApp.swift */ = {isa = PBXFileReference; lastKnownFileType = sourcecode.swift; path = BeThereApp.swift; sourceTree = "<group>"; };
		79DDA67C29B4FB6F00B04E2A /* ContentView.swift */ = {isa = PBXFileReference; lastKnownFileType = sourcecode.swift; path = ContentView.swift; sourceTree = "<group>"; };
		79DDA67E29B4FB7000B04E2A /* Assets.xcassets */ = {isa = PBXFileReference; lastKnownFileType = folder.assetcatalog; path = Assets.xcassets; sourceTree = "<group>"; };
		79DDA68129B4FB7000B04E2A /* Preview Assets.xcassets */ = {isa = PBXFileReference; lastKnownFileType = folder.assetcatalog; path = "Preview Assets.xcassets"; sourceTree = "<group>"; };
		79DDA68729B4FB7000B04E2A /* BeThereTests.xctest */ = {isa = PBXFileReference; explicitFileType = wrapper.cfbundle; includeInIndex = 0; path = BeThereTests.xctest; sourceTree = BUILT_PRODUCTS_DIR; };
		79DDA68B29B4FB7000B04E2A /* BeThereTests.swift */ = {isa = PBXFileReference; lastKnownFileType = sourcecode.swift; path = BeThereTests.swift; sourceTree = "<group>"; };
		79DDA69129B4FB7000B04E2A /* BeThereUITests.xctest */ = {isa = PBXFileReference; explicitFileType = wrapper.cfbundle; includeInIndex = 0; path = BeThereUITests.xctest; sourceTree = BUILT_PRODUCTS_DIR; };
		79DDA69529B4FB7000B04E2A /* BeThereUITests.swift */ = {isa = PBXFileReference; lastKnownFileType = sourcecode.swift; path = BeThereUITests.swift; sourceTree = "<group>"; };
		9A46FDF8AD0B5CB5B7F9A24B /* Pods_BeThere.framework */ = {isa = PBXFileReference; explicitFileType = wrapper.framework; includeInIndex = 0; path = Pods_BeThere.framework; sourceTree = BUILT_PRODUCTS_DIR; };
		B7A019FF2B4B235760874CD4 /* Pods-BeThere.release.xcconfig */ = {isa = PBXFileReference; includeInIndex = 1; lastKnownFileType = text.xcconfig; name = "Pods-BeThere.release.xcconfig"; path = "Target Support Files/Pods-BeThere/Pods-BeThere.release.xcconfig"; sourceTree = "<group>"; };
		CF35A98EBE118096C5AF97E8 /* Pods-BeThere.debug.xcconfig */ = {isa = PBXFileReference; includeInIndex = 1; lastKnownFileType = text.xcconfig; name = "Pods-BeThere.debug.xcconfig"; path = "Target Support Files/Pods-BeThere/Pods-BeThere.debug.xcconfig"; sourceTree = "<group>"; };
/* End PBXFileReference section */

/* Begin PBXFrameworksBuildPhase section */
		79DDA67429B4FB6F00B04E2A /* Frameworks */ = {
			isa = PBXFrameworksBuildPhase;
			buildActionMask = 2147483647;
			files = (
				112D7F5EE4519EE61062E6DF /* Pods_BeThere.framework in Frameworks */,
			);
			runOnlyForDeploymentPostprocessing = 0;
		};
		79DDA68429B4FB7000B04E2A /* Frameworks */ = {
			isa = PBXFrameworksBuildPhase;
			buildActionMask = 2147483647;
			files = (
			);
			runOnlyForDeploymentPostprocessing = 0;
		};
		79DDA68E29B4FB7000B04E2A /* Frameworks */ = {
			isa = PBXFrameworksBuildPhase;
			buildActionMask = 2147483647;
			files = (
			);
			runOnlyForDeploymentPostprocessing = 0;
		};
/* End PBXFrameworksBuildPhase section */

/* Begin PBXGroup section */
		004873072053CDBE57ECEDEB /* Frameworks */ = {
			isa = PBXGroup;
			children = (
				9A46FDF8AD0B5CB5B7F9A24B /* Pods_BeThere.framework */,
			);
			name = Frameworks;
			sourceTree = "<group>";
		};
		2CC272CDD1AD797A9C988BC2 /* Pods */ = {
			isa = PBXGroup;
			children = (
				CF35A98EBE118096C5AF97E8 /* Pods-BeThere.debug.xcconfig */,
				B7A019FF2B4B235760874CD4 /* Pods-BeThere.release.xcconfig */,
			);
			path = Pods;
			sourceTree = "<group>";
		};
		79DDA66E29B4FB6F00B04E2A = {
			isa = PBXGroup;
			children = (
				79DDA67929B4FB6F00B04E2A /* BeThere */,
				79DDA68A29B4FB7000B04E2A /* BeThereTests */,
				79DDA69429B4FB7000B04E2A /* BeThereUITests */,
				79DDA67829B4FB6F00B04E2A /* Products */,
				2CC272CDD1AD797A9C988BC2 /* Pods */,
				004873072053CDBE57ECEDEB /* Frameworks */,
			);
			sourceTree = "<group>";
		};
		79DDA67829B4FB6F00B04E2A /* Products */ = {
			isa = PBXGroup;
			children = (
				79DDA67729B4FB6F00B04E2A /* BeThere.app */,
				79DDA68729B4FB7000B04E2A /* BeThereTests.xctest */,
				79DDA69129B4FB7000B04E2A /* BeThereUITests.xctest */,
			);
			name = Products;
			sourceTree = "<group>";
		};
		79DDA67929B4FB6F00B04E2A /* BeThere */ = {
			isa = PBXGroup;
			children = (
				79DDA67A29B4FB6F00B04E2A /* BeThereApp.swift */,
				79DDA67C29B4FB6F00B04E2A /* ContentView.swift */,
				79DDA67E29B4FB7000B04E2A /* Assets.xcassets */,
				79DDA68029B4FB7000B04E2A /* Preview Content */,
			);
			path = BeThere;
			sourceTree = "<group>";
		};
		79DDA68029B4FB7000B04E2A /* Preview Content */ = {
			isa = PBXGroup;
			children = (
				79DDA68129B4FB7000B04E2A /* Preview Assets.xcassets */,
			);
			path = "Preview Content";
			sourceTree = "<group>";
		};
		79DDA68A29B4FB7000B04E2A /* BeThereTests */ = {
			isa = PBXGroup;
			children = (
				79DDA68B29B4FB7000B04E2A /* BeThereTests.swift */,
			);
			path = BeThereTests;
			sourceTree = "<group>";
		};
		79DDA69429B4FB7000B04E2A /* BeThereUITests */ = {
			isa = PBXGroup;
			children = (
				79DDA69529B4FB7000B04E2A /* BeThereUITests.swift */,
			);
			path = BeThereUITests;
			sourceTree = "<group>";
		};
/* End PBXGroup section */

/* Begin PBXNativeTarget section */
		79DDA67629B4FB6F00B04E2A /* BeThere */ = {
			isa = PBXNativeTarget;
			buildConfigurationList = 79DDA69B29B4FB7000B04E2A /* Build configuration list for PBXNativeTarget "BeThere" */;
			buildPhases = (
				98F2AFF51B0231D4601280CD /* [CP] Check Pods Manifest.lock */,
				79DDA6A429B4FDFA00B04E2A /* SwiftLint */,
				79DDA67329B4FB6F00B04E2A /* Sources */,
				79DDA67429B4FB6F00B04E2A /* Frameworks */,
				79DDA67529B4FB6F00B04E2A /* Resources */,
			);
			buildRules = (
			);
			dependencies = (
			);
			name = BeThere;
			productName = BeThere;
			productReference = 79DDA67729B4FB6F00B04E2A /* BeThere.app */;
			productType = "com.apple.product-type.application";
		};
		79DDA68629B4FB7000B04E2A /* BeThereTests */ = {
			isa = PBXNativeTarget;
			buildConfigurationList = 79DDA69E29B4FB7000B04E2A /* Build configuration list for PBXNativeTarget "BeThereTests" */;
			buildPhases = (
				79DDA68329B4FB7000B04E2A /* Sources */,
				79DDA68429B4FB7000B04E2A /* Frameworks */,
				79DDA68529B4FB7000B04E2A /* Resources */,
			);
			buildRules = (
			);
			dependencies = (
				79DDA68929B4FB7000B04E2A /* PBXTargetDependency */,
			);
			name = BeThereTests;
			productName = BeThereTests;
			productReference = 79DDA68729B4FB7000B04E2A /* BeThereTests.xctest */;
			productType = "com.apple.product-type.bundle.unit-test";
		};
		79DDA69029B4FB7000B04E2A /* BeThereUITests */ = {
			isa = PBXNativeTarget;
			buildConfigurationList = 79DDA6A129B4FB7000B04E2A /* Build configuration list for PBXNativeTarget "BeThereUITests" */;
			buildPhases = (
				79DDA68D29B4FB7000B04E2A /* Sources */,
				79DDA68E29B4FB7000B04E2A /* Frameworks */,
				79DDA68F29B4FB7000B04E2A /* Resources */,
			);
			buildRules = (
			);
			dependencies = (
				79DDA69329B4FB7000B04E2A /* PBXTargetDependency */,
			);
			name = BeThereUITests;
			productName = BeThereUITests;
			productReference = 79DDA69129B4FB7000B04E2A /* BeThereUITests.xctest */;
			productType = "com.apple.product-type.bundle.ui-testing";
		};
/* End PBXNativeTarget section */

/* Begin PBXProject section */
		79DDA66F29B4FB6F00B04E2A /* Project object */ = {
			isa = PBXProject;
			attributes = {
				BuildIndependentTargetsInParallel = 1;
				LastSwiftUpdateCheck = 1400;
				LastUpgradeCheck = 1400;
				TargetAttributes = {
					79DDA67629B4FB6F00B04E2A = {
						CreatedOnToolsVersion = 14.0;
					};
					79DDA68629B4FB7000B04E2A = {
						CreatedOnToolsVersion = 14.0;
						TestTargetID = 79DDA67629B4FB6F00B04E2A;
					};
					79DDA69029B4FB7000B04E2A = {
						CreatedOnToolsVersion = 14.0;
						TestTargetID = 79DDA67629B4FB6F00B04E2A;
					};
				};
			};
			buildConfigurationList = 79DDA67229B4FB6F00B04E2A /* Build configuration list for PBXProject "BeThere" */;
			compatibilityVersion = "Xcode 14.0";
			developmentRegion = en;
			hasScannedForEncodings = 0;
			knownRegions = (
				en,
				Base,
			);
			mainGroup = 79DDA66E29B4FB6F00B04E2A;
			productRefGroup = 79DDA67829B4FB6F00B04E2A /* Products */;
			projectDirPath = "";
			projectRoot = "";
			targets = (
				79DDA67629B4FB6F00B04E2A /* BeThere */,
				79DDA68629B4FB7000B04E2A /* BeThereTests */,
				79DDA69029B4FB7000B04E2A /* BeThereUITests */,
			);
		};
/* End PBXProject section */

/* Begin PBXResourcesBuildPhase section */
		79DDA67529B4FB6F00B04E2A /* Resources */ = {
			isa = PBXResourcesBuildPhase;
			buildActionMask = 2147483647;
			files = (
				79DDA68229B4FB7000B04E2A /* Preview Assets.xcassets in Resources */,
				79DDA67F29B4FB7000B04E2A /* Assets.xcassets in Resources */,
			);
			runOnlyForDeploymentPostprocessing = 0;
		};
		79DDA68529B4FB7000B04E2A /* Resources */ = {
			isa = PBXResourcesBuildPhase;
			buildActionMask = 2147483647;
			files = (
			);
			runOnlyForDeploymentPostprocessing = 0;
		};
		79DDA68F29B4FB7000B04E2A /* Resources */ = {
			isa = PBXResourcesBuildPhase;
			buildActionMask = 2147483647;
			files = (
			);
			runOnlyForDeploymentPostprocessing = 0;
		};
/* End PBXResourcesBuildPhase section */

/* Begin PBXShellScriptBuildPhase section */
		79DDA6A429B4FDFA00B04E2A /* SwiftLint */ = {
			isa = PBXShellScriptBuildPhase;
			alwaysOutOfDate = 1;
			buildActionMask = 2147483647;
			files = (
			);
			inputFileListPaths = (
			);
			inputPaths = (
			);
			name = SwiftLint;
			outputFileListPaths = (
			);
			outputPaths = (
			);
			runOnlyForDeploymentPostprocessing = 0;
			shellPath = /bin/sh;
			shellScript = "\"${PODS_ROOT}/SwiftLint/swiftlint\"\n";
		};
		98F2AFF51B0231D4601280CD /* [CP] Check Pods Manifest.lock */ = {
			isa = PBXShellScriptBuildPhase;
			buildActionMask = 2147483647;
			files = (
			);
			inputFileListPaths = (
			);
			inputPaths = (
				"${PODS_PODFILE_DIR_PATH}/Podfile.lock",
				"${PODS_ROOT}/Manifest.lock",
			);
			name = "[CP] Check Pods Manifest.lock";
			outputFileListPaths = (
			);
			outputPaths = (
				"$(DERIVED_FILE_DIR)/Pods-BeThere-checkManifestLockResult.txt",
			);
			runOnlyForDeploymentPostprocessing = 0;
			shellPath = /bin/sh;
			shellScript = "diff \"${PODS_PODFILE_DIR_PATH}/Podfile.lock\" \"${PODS_ROOT}/Manifest.lock\" > /dev/null\nif [ $? != 0 ] ; then\n    # print error to STDERR\n    echo \"error: The sandbox is not in sync with the Podfile.lock. Run 'pod install' or update your CocoaPods installation.\" >&2\n    exit 1\nfi\n# This output is used by Xcode 'outputs' to avoid re-running this script phase.\necho \"SUCCESS\" > \"${SCRIPT_OUTPUT_FILE_0}\"\n";
			showEnvVarsInLog = 0;
		};
/* End PBXShellScriptBuildPhase section */

/* Begin PBXSourcesBuildPhase section */
		79DDA67329B4FB6F00B04E2A /* Sources */ = {
			isa = PBXSourcesBuildPhase;
			buildActionMask = 2147483647;
			files = (
				79DDA67D29B4FB6F00B04E2A /* ContentView.swift in Sources */,
				79DDA67B29B4FB6F00B04E2A /* BeThereApp.swift in Sources */,
			);
			runOnlyForDeploymentPostprocessing = 0;
		};
		79DDA68329B4FB7000B04E2A /* Sources */ = {
			isa = PBXSourcesBuildPhase;
			buildActionMask = 2147483647;
			files = (
				79DDA68C29B4FB7000B04E2A /* BeThereTests.swift in Sources */,
			);
			runOnlyForDeploymentPostprocessing = 0;
		};
		79DDA68D29B4FB7000B04E2A /* Sources */ = {
			isa = PBXSourcesBuildPhase;
			buildActionMask = 2147483647;
			files = (
				79DDA69629B4FB7000B04E2A /* BeThereUITests.swift in Sources */,
			);
			runOnlyForDeploymentPostprocessing = 0;
		};
/* End PBXSourcesBuildPhase section */

/* Begin PBXTargetDependency section */
		79DDA68929B4FB7000B04E2A /* PBXTargetDependency */ = {
			isa = PBXTargetDependency;
			target = 79DDA67629B4FB6F00B04E2A /* BeThere */;
			targetProxy = 79DDA68829B4FB7000B04E2A /* PBXContainerItemProxy */;
		};
		79DDA69329B4FB7000B04E2A /* PBXTargetDependency */ = {
			isa = PBXTargetDependency;
			target = 79DDA67629B4FB6F00B04E2A /* BeThere */;
			targetProxy = 79DDA69229B4FB7000B04E2A /* PBXContainerItemProxy */;
		};
/* End PBXTargetDependency section */

/* Begin XCBuildConfiguration section */
		79DDA69929B4FB7000B04E2A /* Debug */ = {
			isa = XCBuildConfiguration;
			buildSettings = {
				ALWAYS_SEARCH_USER_PATHS = NO;
				CLANG_ANALYZER_NONNULL = YES;
				CLANG_ANALYZER_NUMBER_OBJECT_CONVERSION = YES_AGGRESSIVE;
				CLANG_CXX_LANGUAGE_STANDARD = "gnu++20";
				CLANG_ENABLE_MODULES = YES;
				CLANG_ENABLE_OBJC_ARC = YES;
				CLANG_ENABLE_OBJC_WEAK = YES;
				CLANG_WARN_BLOCK_CAPTURE_AUTORELEASING = YES;
				CLANG_WARN_BOOL_CONVERSION = YES;
				CLANG_WARN_COMMA = YES;
				CLANG_WARN_CONSTANT_CONVERSION = YES;
				CLANG_WARN_DEPRECATED_OBJC_IMPLEMENTATIONS = YES;
				CLANG_WARN_DIRECT_OBJC_ISA_USAGE = YES_ERROR;
				CLANG_WARN_DOCUMENTATION_COMMENTS = YES;
				CLANG_WARN_EMPTY_BODY = YES;
				CLANG_WARN_ENUM_CONVERSION = YES;
				CLANG_WARN_INFINITE_RECURSION = YES;
				CLANG_WARN_INT_CONVERSION = YES;
				CLANG_WARN_NON_LITERAL_NULL_CONVERSION = YES;
				CLANG_WARN_OBJC_IMPLICIT_RETAIN_SELF = YES;
				CLANG_WARN_OBJC_LITERAL_CONVERSION = YES;
				CLANG_WARN_OBJC_ROOT_CLASS = YES_ERROR;
				CLANG_WARN_QUOTED_INCLUDE_IN_FRAMEWORK_HEADER = YES;
				CLANG_WARN_RANGE_LOOP_ANALYSIS = YES;
				CLANG_WARN_STRICT_PROTOTYPES = YES;
				CLANG_WARN_SUSPICIOUS_MOVE = YES;
				CLANG_WARN_UNGUARDED_AVAILABILITY = YES_AGGRESSIVE;
				CLANG_WARN_UNREACHABLE_CODE = YES;
				CLANG_WARN__DUPLICATE_METHOD_MATCH = YES;
				COPY_PHASE_STRIP = NO;
				DEBUG_INFORMATION_FORMAT = dwarf;
				ENABLE_STRICT_OBJC_MSGSEND = YES;
				ENABLE_TESTABILITY = YES;
				GCC_C_LANGUAGE_STANDARD = gnu11;
				GCC_DYNAMIC_NO_PIC = NO;
				GCC_NO_COMMON_BLOCKS = YES;
				GCC_OPTIMIZATION_LEVEL = 0;
				GCC_PREPROCESSOR_DEFINITIONS = (
					"DEBUG=1",
					"$(inherited)",
				);
				GCC_WARN_64_TO_32_BIT_CONVERSION = YES;
				GCC_WARN_ABOUT_RETURN_TYPE = YES_ERROR;
				GCC_WARN_UNDECLARED_SELECTOR = YES;
				GCC_WARN_UNINITIALIZED_AUTOS = YES_AGGRESSIVE;
				GCC_WARN_UNUSED_FUNCTION = YES;
				GCC_WARN_UNUSED_VARIABLE = YES;
				IPHONEOS_DEPLOYMENT_TARGET = 16.0;
				MTL_ENABLE_DEBUG_INFO = INCLUDE_SOURCE;
				MTL_FAST_MATH = YES;
				ONLY_ACTIVE_ARCH = YES;
				SDKROOT = iphoneos;
				SWIFT_ACTIVE_COMPILATION_CONDITIONS = DEBUG;
				SWIFT_OPTIMIZATION_LEVEL = "-Onone";
			};
			name = Debug;
		};
		79DDA69A29B4FB7000B04E2A /* Release */ = {
			isa = XCBuildConfiguration;
			buildSettings = {
				ALWAYS_SEARCH_USER_PATHS = NO;
				CLANG_ANALYZER_NONNULL = YES;
				CLANG_ANALYZER_NUMBER_OBJECT_CONVERSION = YES_AGGRESSIVE;
				CLANG_CXX_LANGUAGE_STANDARD = "gnu++20";
				CLANG_ENABLE_MODULES = YES;
				CLANG_ENABLE_OBJC_ARC = YES;
				CLANG_ENABLE_OBJC_WEAK = YES;
				CLANG_WARN_BLOCK_CAPTURE_AUTORELEASING = YES;
				CLANG_WARN_BOOL_CONVERSION = YES;
				CLANG_WARN_COMMA = YES;
				CLANG_WARN_CONSTANT_CONVERSION = YES;
				CLANG_WARN_DEPRECATED_OBJC_IMPLEMENTATIONS = YES;
				CLANG_WARN_DIRECT_OBJC_ISA_USAGE = YES_ERROR;
				CLANG_WARN_DOCUMENTATION_COMMENTS = YES;
				CLANG_WARN_EMPTY_BODY = YES;
				CLANG_WARN_ENUM_CONVERSION = YES;
				CLANG_WARN_INFINITE_RECURSION = YES;
				CLANG_WARN_INT_CONVERSION = YES;
				CLANG_WARN_NON_LITERAL_NULL_CONVERSION = YES;
				CLANG_WARN_OBJC_IMPLICIT_RETAIN_SELF = YES;
				CLANG_WARN_OBJC_LITERAL_CONVERSION = YES;
				CLANG_WARN_OBJC_ROOT_CLASS = YES_ERROR;
				CLANG_WARN_QUOTED_INCLUDE_IN_FRAMEWORK_HEADER = YES;
				CLANG_WARN_RANGE_LOOP_ANALYSIS = YES;
				CLANG_WARN_STRICT_PROTOTYPES = YES;
				CLANG_WARN_SUSPICIOUS_MOVE = YES;
				CLANG_WARN_UNGUARDED_AVAILABILITY = YES_AGGRESSIVE;
				CLANG_WARN_UNREACHABLE_CODE = YES;
				CLANG_WARN__DUPLICATE_METHOD_MATCH = YES;
				COPY_PHASE_STRIP = NO;
				DEBUG_INFORMATION_FORMAT = "dwarf-with-dsym";
				ENABLE_NS_ASSERTIONS = NO;
				ENABLE_STRICT_OBJC_MSGSEND = YES;
				GCC_C_LANGUAGE_STANDARD = gnu11;
				GCC_NO_COMMON_BLOCKS = YES;
				GCC_WARN_64_TO_32_BIT_CONVERSION = YES;
				GCC_WARN_ABOUT_RETURN_TYPE = YES_ERROR;
				GCC_WARN_UNDECLARED_SELECTOR = YES;
				GCC_WARN_UNINITIALIZED_AUTOS = YES_AGGRESSIVE;
				GCC_WARN_UNUSED_FUNCTION = YES;
				GCC_WARN_UNUSED_VARIABLE = YES;
				IPHONEOS_DEPLOYMENT_TARGET = 16.0;
				MTL_ENABLE_DEBUG_INFO = NO;
				MTL_FAST_MATH = YES;
				SDKROOT = iphoneos;
				SWIFT_COMPILATION_MODE = wholemodule;
				SWIFT_OPTIMIZATION_LEVEL = "-O";
				VALIDATE_PRODUCT = YES;
			};
			name = Release;
		};
		79DDA69C29B4FB7000B04E2A /* Debug */ = {
			isa = XCBuildConfiguration;
			baseConfigurationReference = CF35A98EBE118096C5AF97E8 /* Pods-BeThere.debug.xcconfig */;
			buildSettings = {
				ASSETCATALOG_COMPILER_APPICON_NAME = AppIcon;
				ASSETCATALOG_COMPILER_GLOBAL_ACCENT_COLOR_NAME = AccentColor;
				CODE_SIGN_STYLE = Automatic;
				CURRENT_PROJECT_VERSION = 1;
				DEVELOPMENT_ASSET_PATHS = "\"BeThere/Preview Content\"";
				DEVELOPMENT_TEAM = 2D3N9A382G;
				ENABLE_PREVIEWS = YES;
				GENERATE_INFOPLIST_FILE = YES;
				INFOPLIST_KEY_UIApplicationSceneManifest_Generation = YES;
				INFOPLIST_KEY_UIApplicationSupportsIndirectInputEvents = YES;
				INFOPLIST_KEY_UILaunchScreen_Generation = YES;
				INFOPLIST_KEY_UIStatusBarStyle = UIStatusBarStyleDarkContent;
				INFOPLIST_KEY_UISupportedInterfaceOrientations = UIInterfaceOrientationPortrait;
				INFOPLIST_KEY_UISupportedInterfaceOrientations_iPad = "UIInterfaceOrientationLandscapeLeft UIInterfaceOrientationLandscapeRight UIInterfaceOrientationPortrait UIInterfaceOrientationPortraitUpsideDown";
				LD_RUNPATH_SEARCH_PATHS = (
					"$(inherited)",
					"@executable_path/Frameworks",
				);
				MARKETING_VERSION = 1.0;
				PRODUCT_BUNDLE_IDENTIFIER = me.bercidalnoky.BeThere;
				PRODUCT_NAME = "$(TARGET_NAME)";
				SUPPORTED_PLATFORMS = "iphoneos iphonesimulator";
				SUPPORTS_MACCATALYST = NO;
				SUPPORTS_MAC_DESIGNED_FOR_IPHONE_IPAD = NO;
				SWIFT_EMIT_LOC_STRINGS = YES;
				SWIFT_VERSION = 5.0;
				TARGETED_DEVICE_FAMILY = 1;
			};
			name = Debug;
		};
		79DDA69D29B4FB7000B04E2A /* Release */ = {
			isa = XCBuildConfiguration;
			baseConfigurationReference = B7A019FF2B4B235760874CD4 /* Pods-BeThere.release.xcconfig */;
			buildSettings = {
				ASSETCATALOG_COMPILER_APPICON_NAME = AppIcon;
				ASSETCATALOG_COMPILER_GLOBAL_ACCENT_COLOR_NAME = AccentColor;
				CODE_SIGN_STYLE = Automatic;
				CURRENT_PROJECT_VERSION = 1;
				DEVELOPMENT_ASSET_PATHS = "\"BeThere/Preview Content\"";
				DEVELOPMENT_TEAM = 2D3N9A382G;
				ENABLE_PREVIEWS = YES;
				GENERATE_INFOPLIST_FILE = YES;
				INFOPLIST_KEY_UIApplicationSceneManifest_Generation = YES;
				INFOPLIST_KEY_UIApplicationSupportsIndirectInputEvents = YES;
				INFOPLIST_KEY_UILaunchScreen_Generation = YES;
				INFOPLIST_KEY_UIStatusBarStyle = UIStatusBarStyleDarkContent;
				INFOPLIST_KEY_UISupportedInterfaceOrientations = UIInterfaceOrientationPortrait;
				INFOPLIST_KEY_UISupportedInterfaceOrientations_iPad = "UIInterfaceOrientationLandscapeLeft UIInterfaceOrientationLandscapeRight UIInterfaceOrientationPortrait UIInterfaceOrientationPortraitUpsideDown";
				LD_RUNPATH_SEARCH_PATHS = (
					"$(inherited)",
					"@executable_path/Frameworks",
				);
				MARKETING_VERSION = 1.0;
				PRODUCT_BUNDLE_IDENTIFIER = me.bercidalnoky.BeThere;
				PRODUCT_NAME = "$(TARGET_NAME)";
				SUPPORTED_PLATFORMS = "iphoneos iphonesimulator";
				SUPPORTS_MACCATALYST = NO;
				SUPPORTS_MAC_DESIGNED_FOR_IPHONE_IPAD = NO;
				SWIFT_EMIT_LOC_STRINGS = YES;
				SWIFT_VERSION = 5.0;
				TARGETED_DEVICE_FAMILY = 1;
			};
			name = Release;
		};
		79DDA69F29B4FB7000B04E2A /* Debug */ = {
			isa = XCBuildConfiguration;
			buildSettings = {
				ALWAYS_EMBED_SWIFT_STANDARD_LIBRARIES = YES;
				BUNDLE_LOADER = "$(TEST_HOST)";
				CODE_SIGN_STYLE = Automatic;
				CURRENT_PROJECT_VERSION = 1;
				DEVELOPMENT_TEAM = 2D3N9A382G;
				GENERATE_INFOPLIST_FILE = YES;
				IPHONEOS_DEPLOYMENT_TARGET = 16.0;
				MARKETING_VERSION = 1.0;
				PRODUCT_BUNDLE_IDENTIFIER = me.bercidalnoky.BeThereTests;
				PRODUCT_NAME = "$(TARGET_NAME)";
				SWIFT_EMIT_LOC_STRINGS = NO;
				SWIFT_VERSION = 5.0;
				TARGETED_DEVICE_FAMILY = "1,2";
				TEST_HOST = "$(BUILT_PRODUCTS_DIR)/BeThere.app/$(BUNDLE_EXECUTABLE_FOLDER_PATH)/BeThere";
			};
			name = Debug;
		};
		79DDA6A029B4FB7000B04E2A /* Release */ = {
			isa = XCBuildConfiguration;
			buildSettings = {
				ALWAYS_EMBED_SWIFT_STANDARD_LIBRARIES = YES;
				BUNDLE_LOADER = "$(TEST_HOST)";
				CODE_SIGN_STYLE = Automatic;
				CURRENT_PROJECT_VERSION = 1;
				DEVELOPMENT_TEAM = 2D3N9A382G;
				GENERATE_INFOPLIST_FILE = YES;
				IPHONEOS_DEPLOYMENT_TARGET = 16.0;
				MARKETING_VERSION = 1.0;
				PRODUCT_BUNDLE_IDENTIFIER = me.bercidalnoky.BeThereTests;
				PRODUCT_NAME = "$(TARGET_NAME)";
				SWIFT_EMIT_LOC_STRINGS = NO;
				SWIFT_VERSION = 5.0;
				TARGETED_DEVICE_FAMILY = "1,2";
				TEST_HOST = "$(BUILT_PRODUCTS_DIR)/BeThere.app/$(BUNDLE_EXECUTABLE_FOLDER_PATH)/BeThere";
			};
			name = Release;
		};
		79DDA6A229B4FB7000B04E2A /* Debug */ = {
			isa = XCBuildConfiguration;
			buildSettings = {
				ALWAYS_EMBED_SWIFT_STANDARD_LIBRARIES = YES;
				CODE_SIGN_STYLE = Automatic;
				CURRENT_PROJECT_VERSION = 1;
				DEVELOPMENT_TEAM = 2D3N9A382G;
				GENERATE_INFOPLIST_FILE = YES;
				MARKETING_VERSION = 1.0;
				PRODUCT_BUNDLE_IDENTIFIER = me.bercidalnoky.BeThereUITests;
				PRODUCT_NAME = "$(TARGET_NAME)";
				SWIFT_EMIT_LOC_STRINGS = NO;
				SWIFT_VERSION = 5.0;
				TARGETED_DEVICE_FAMILY = "1,2";
				TEST_TARGET_NAME = BeThere;
			};
			name = Debug;
		};
		79DDA6A329B4FB7000B04E2A /* Release */ = {
			isa = XCBuildConfiguration;
			buildSettings = {
				ALWAYS_EMBED_SWIFT_STANDARD_LIBRARIES = YES;
				CODE_SIGN_STYLE = Automatic;
				CURRENT_PROJECT_VERSION = 1;
				DEVELOPMENT_TEAM = 2D3N9A382G;
				GENERATE_INFOPLIST_FILE = YES;
				MARKETING_VERSION = 1.0;
				PRODUCT_BUNDLE_IDENTIFIER = me.bercidalnoky.BeThereUITests;
				PRODUCT_NAME = "$(TARGET_NAME)";
				SWIFT_EMIT_LOC_STRINGS = NO;
				SWIFT_VERSION = 5.0;
				TARGETED_DEVICE_FAMILY = "1,2";
				TEST_TARGET_NAME = BeThere;
			};
			name = Release;
		};
/* End XCBuildConfiguration section */

/* Begin XCConfigurationList section */
		79DDA67229B4FB6F00B04E2A /* Build configuration list for PBXProject "BeThere" */ = {
			isa = XCConfigurationList;
			buildConfigurations = (
				79DDA69929B4FB7000B04E2A /* Debug */,
				79DDA69A29B4FB7000B04E2A /* Release */,
			);
			defaultConfigurationIsVisible = 0;
			defaultConfigurationName = Release;
		};
		79DDA69B29B4FB7000B04E2A /* Build configuration list for PBXNativeTarget "BeThere" */ = {
			isa = XCConfigurationList;
			buildConfigurations = (
				79DDA69C29B4FB7000B04E2A /* Debug */,
				79DDA69D29B4FB7000B04E2A /* Release */,
			);
			defaultConfigurationIsVisible = 0;
			defaultConfigurationName = Release;
		};
		79DDA69E29B4FB7000B04E2A /* Build configuration list for PBXNativeTarget "BeThereTests" */ = {
			isa = XCConfigurationList;
			buildConfigurations = (
				79DDA69F29B4FB7000B04E2A /* Debug */,
				79DDA6A029B4FB7000B04E2A /* Release */,
			);
			defaultConfigurationIsVisible = 0;
			defaultConfigurationName = Release;
		};
		79DDA6A129B4FB7000B04E2A /* Build configuration list for PBXNativeTarget "BeThereUITests" */ = {
			isa = XCConfigurationList;
			buildConfigurations = (
				79DDA6A229B4FB7000B04E2A /* Debug */,
				79DDA6A329B4FB7000B04E2A /* Release */,
			);
			defaultConfigurationIsVisible = 0;
			defaultConfigurationName = Release;
		};
/* End XCConfigurationList section */
	};
	rootObject = 79DDA66F29B4FB6F00B04E2A /* Project object */;
}
