// !$*UTF8*$!
{
	archiveVersion = 1;
	classes = {
	};
	objectVersion = 56;
	objects = {

/* Begin PBXBuildFile section */
		112D7F5EE4519EE61062E6DF /* Pods_BeThere.framework in Frameworks */ = {isa = PBXBuildFile; fileRef = 9A46FDF8AD0B5CB5B7F9A24B /* Pods_BeThere.framework */; };
		790BA70B29C39C94003C15DC /* GoogleService-Info.plist in Resources */ = {isa = PBXBuildFile; fileRef = 790BA70A29C39C94003C15DC /* GoogleService-Info.plist */; };
		791277F929C0E5CC0013173D /* IconButton.swift in Sources */ = {isa = PBXBuildFile; fileRef = 791277F829C0E5CC0013173D /* IconButton.swift */; };
		79188CC229C6744500F47280 /* User.swift in Sources */ = {isa = PBXBuildFile; fileRef = 79188CC129C6744500F47280 /* User.swift */; };
		79188CC429C67D6400F47280 /* Publisher+Extensions.swift in Sources */ = {isa = PBXBuildFile; fileRef = 79188CC329C67D6400F47280 /* Publisher+Extensions.swift */; };
		793A5A1229B78F09009A3D5B /* AppDelegate.swift in Sources */ = {isa = PBXBuildFile; fileRef = 793A5A1129B78F09009A3D5B /* AppDelegate.swift */; };
		793A5A1429B79369009A3D5B /* AppCoordinator.swift in Sources */ = {isa = PBXBuildFile; fileRef = 793A5A1329B79369009A3D5B /* AppCoordinator.swift */; };
		793A5A1829B796CA009A3D5B /* AuthenticationCoordinator.swift in Sources */ = {isa = PBXBuildFile; fileRef = 793A5A1729B796CA009A3D5B /* AuthenticationCoordinator.swift */; };
		793A5A1A29B796E1009A3D5B /* AuthenticationScreen.swift in Sources */ = {isa = PBXBuildFile; fileRef = 793A5A1929B796E1009A3D5B /* AuthenticationScreen.swift */; };
		793A5A1C29B796F7009A3D5B /* AuthenticationSceneFactory.swift in Sources */ = {isa = PBXBuildFile; fileRef = 793A5A1B29B796F7009A3D5B /* AuthenticationSceneFactory.swift */; };
		793A5A1E29B79908009A3D5B /* ContentCoordinator.swift in Sources */ = {isa = PBXBuildFile; fileRef = 793A5A1D29B79908009A3D5B /* ContentCoordinator.swift */; };
		793A5A2129B79A00009A3D5B /* ContentSceneFactory.swift in Sources */ = {isa = PBXBuildFile; fileRef = 793A5A2029B79A00009A3D5B /* ContentSceneFactory.swift */; };
		793A5A2329B79A0D009A3D5B /* ContentScreen.swift in Sources */ = {isa = PBXBuildFile; fileRef = 793A5A2229B79A0D009A3D5B /* ContentScreen.swift */; };
		793A5A2F29B7A086009A3D5B /* LoginView.swift in Sources */ = {isa = PBXBuildFile; fileRef = 793A5A2E29B7A086009A3D5B /* LoginView.swift */; };
		793A5A3129B7A09C009A3D5B /* RegistrationView.swift in Sources */ = {isa = PBXBuildFile; fileRef = 793A5A3029B7A09C009A3D5B /* RegistrationView.swift */; };
		793A5A3329B7A0AE009A3D5B /* SuccessfulRegistrationView.swift in Sources */ = {isa = PBXBuildFile; fileRef = 793A5A3229B7A0AE009A3D5B /* SuccessfulRegistrationView.swift */; };
		793A5A3529B7A0B6009A3D5B /* ChatView.swift in Sources */ = {isa = PBXBuildFile; fileRef = 793A5A3429B7A0B6009A3D5B /* ChatView.swift */; };
		793A5A3729B7A0BF009A3D5B /* EventView.swift in Sources */ = {isa = PBXBuildFile; fileRef = 793A5A3629B7A0BF009A3D5B /* EventView.swift */; };
		793A5A3929B7A0CC009A3D5B /* MainView.swift in Sources */ = {isa = PBXBuildFile; fileRef = 793A5A3829B7A0CC009A3D5B /* MainView.swift */; };
		793A5A3B29B7A0DD009A3D5B /* SearchView.swift in Sources */ = {isa = PBXBuildFile; fileRef = 793A5A3A29B7A0DD009A3D5B /* SearchView.swift */; };
		793A5A3D29B7A0E6009A3D5B /* SettingsView.swift in Sources */ = {isa = PBXBuildFile; fileRef = 793A5A3C29B7A0E6009A3D5B /* SettingsView.swift */; };
		798048D829BA4D27006AE94C /* MainViewModel.swift in Sources */ = {isa = PBXBuildFile; fileRef = 798048D729BA4D27006AE94C /* MainViewModel.swift */; };
		798048DA29BA4DBE006AE94C /* MainViewModel+Mock.swift in Sources */ = {isa = PBXBuildFile; fileRef = 798048D929BA4DBE006AE94C /* MainViewModel+Mock.swift */; };
		798048DC29BA5119006AE94C /* SettingsViewModel.swift in Sources */ = {isa = PBXBuildFile; fileRef = 798048DB29BA5119006AE94C /* SettingsViewModel.swift */; };
		798048DE29BA512F006AE94C /* SettingsViewModel+Mock.swift in Sources */ = {isa = PBXBuildFile; fileRef = 798048DD29BA512F006AE94C /* SettingsViewModel+Mock.swift */; };
		798F3F0A29C9FCDF0022AECC /* AddMemberViewModel.swift in Sources */ = {isa = PBXBuildFile; fileRef = 798F3F0929C9FCDF0022AECC /* AddMemberViewModel.swift */; };
		798F3F0C29C9FCEC0022AECC /* AddMemberView.swift in Sources */ = {isa = PBXBuildFile; fileRef = 798F3F0B29C9FCEC0022AECC /* AddMemberView.swift */; };
		798F3F0E29C9FF3E0022AECC /* AddMemberViewModel+Mock.swift in Sources */ = {isa = PBXBuildFile; fileRef = 798F3F0D29C9FF3E0022AECC /* AddMemberViewModel+Mock.swift */; };
		798F3F1029CA09A20022AECC /* Event.swift in Sources */ = {isa = PBXBuildFile; fileRef = 798F3F0F29CA09A20022AECC /* Event.swift */; };
		798F3F1229CA10980022AECC /* EventDataService.swift in Sources */ = {isa = PBXBuildFile; fileRef = 798F3F1129CA10980022AECC /* EventDataService.swift */; };
		798F3F1429CA13450022AECC /* Message.swift in Sources */ = {isa = PBXBuildFile; fileRef = 798F3F1329CA13450022AECC /* Message.swift */; };
		798F3F1629CA1DF30022AECC /* EventDataService+Mock.swift in Sources */ = {isa = PBXBuildFile; fileRef = 798F3F1529CA1DF30022AECC /* EventDataService+Mock.swift */; };
		7994CA2529BB3B5000EB90E0 /* SearchViewModel.swift in Sources */ = {isa = PBXBuildFile; fileRef = 7994CA2429BB3B5000EB90E0 /* SearchViewModel.swift */; };
		7994CA2729BB3C0900EB90E0 /* SearchViewModel+Mock.swift in Sources */ = {isa = PBXBuildFile; fileRef = 7994CA2629BB3C0900EB90E0 /* SearchViewModel+Mock.swift */; };
		7994CA2929BB3F6D00EB90E0 /* ChatViewModel.swift in Sources */ = {isa = PBXBuildFile; fileRef = 7994CA2829BB3F6D00EB90E0 /* ChatViewModel.swift */; };
		7994CA2B29BB402D00EB90E0 /* ChatViewModel+Mock.swift in Sources */ = {isa = PBXBuildFile; fileRef = 7994CA2A29BB402D00EB90E0 /* ChatViewModel+Mock.swift */; };
		79C235C029C76D6000B9C497 /* DataService.swift in Sources */ = {isa = PBXBuildFile; fileRef = 79C235BF29C76D6000B9C497 /* DataService.swift */; };
		79C235C229C7709100B9C497 /* DataService+Mock.swift in Sources */ = {isa = PBXBuildFile; fileRef = 79C235C129C7709100B9C497 /* DataService+Mock.swift */; };
		79D6CF2629C4741F0022656C /* AuthenticationService.swift in Sources */ = {isa = PBXBuildFile; fileRef = 79D6CF2529C4741F0022656C /* AuthenticationService.swift */; };
		79D6CF2A29C492080022656C /* AuthenticationService+Mock.swift in Sources */ = {isa = PBXBuildFile; fileRef = 79D6CF2929C492080022656C /* AuthenticationService+Mock.swift */; };
		79DDA67B29B4FB6F00B04E2A /* BeThereApp.swift in Sources */ = {isa = PBXBuildFile; fileRef = 79DDA67A29B4FB6F00B04E2A /* BeThereApp.swift */; };
		79DDA67F29B4FB7000B04E2A /* Assets.xcassets in Resources */ = {isa = PBXBuildFile; fileRef = 79DDA67E29B4FB7000B04E2A /* Assets.xcassets */; };
		79DDA68229B4FB7000B04E2A /* Preview Assets.xcassets in Resources */ = {isa = PBXBuildFile; fileRef = 79DDA68129B4FB7000B04E2A /* Preview Assets.xcassets */; };
		79DDA68C29B4FB7000B04E2A /* BeThereTests.swift in Sources */ = {isa = PBXBuildFile; fileRef = 79DDA68B29B4FB7000B04E2A /* BeThereTests.swift */; };
		79DDA69629B4FB7000B04E2A /* BeThereUITests.swift in Sources */ = {isa = PBXBuildFile; fileRef = 79DDA69529B4FB7000B04E2A /* BeThereUITests.swift */; };
		79DDA6AB29B5006400B04E2A /* Localizable.strings in Resources */ = {isa = PBXBuildFile; fileRef = 79DDA6AD29B5006400B04E2A /* Localizable.strings */; };
		79DDA6B029B5017F00B04E2A /* Localizable.swift in Sources */ = {isa = PBXBuildFile; fileRef = 79DDA6AF29B5017F00B04E2A /* Localizable.swift */; };
		79DDA6B229B5040E00B04E2A /* DI.swift in Sources */ = {isa = PBXBuildFile; fileRef = 79DDA6B129B5040E00B04E2A /* DI.swift */; };
		79DDA6E829B50FF000B04E2A /* BaseKit.framework in Frameworks */ = {isa = PBXBuildFile; fileRef = 79DDA6E729B50FF000B04E2A /* BaseKit.framework */; };
		79DDA6E929B50FF000B04E2A /* BaseKit.framework in Embed Frameworks */ = {isa = PBXBuildFile; fileRef = 79DDA6E729B50FF000B04E2A /* BaseKit.framework */; settings = {ATTRIBUTES = (CodeSignOnCopy, RemoveHeadersOnCopy, ); }; };
		79EBF84F29B8F7EF00E83646 /* LoginViewModel.swift in Sources */ = {isa = PBXBuildFile; fileRef = 79EBF84E29B8F7EF00E83646 /* LoginViewModel.swift */; };
		79EBF85429B9000600E83646 /* LoginViewModel+Mock.swift in Sources */ = {isa = PBXBuildFile; fileRef = 79EBF85329B9000600E83646 /* LoginViewModel+Mock.swift */; };
		79EBF85729B901F400E83646 /* RegistrationViewModel.swift in Sources */ = {isa = PBXBuildFile; fileRef = 79EBF85629B901F400E83646 /* RegistrationViewModel.swift */; };
		79EBF85929B9020D00E83646 /* RegistrationViewModel+Mock.swift in Sources */ = {isa = PBXBuildFile; fileRef = 79EBF85829B9020D00E83646 /* RegistrationViewModel+Mock.swift */; };
		79EBF85B29B907E300E83646 /* SuccessfulRegistrationViewModel.swift in Sources */ = {isa = PBXBuildFile; fileRef = 79EBF85A29B907E300E83646 /* SuccessfulRegistrationViewModel.swift */; };
		79EBF85E29B9081E00E83646 /* SuccesfulRegistrationViewModel+Mock.swift in Sources */ = {isa = PBXBuildFile; fileRef = 79EBF85D29B9081E00E83646 /* SuccesfulRegistrationViewModel+Mock.swift */; };
		79EBF86129B90D1E00E83646 /* Image+Extensions.swift in Sources */ = {isa = PBXBuildFile; fileRef = 79EBF86029B90D1E00E83646 /* Image+Extensions.swift */; };
		79F645F429BB6F31004B761D /* EventViewModel.swift in Sources */ = {isa = PBXBuildFile; fileRef = 79F645F329BB6F31004B761D /* EventViewModel.swift */; };
		79F645F629BB6F62004B761D /* EventViewModel+Mock.swift in Sources */ = {isa = PBXBuildFile; fileRef = 79F645F529BB6F62004B761D /* EventViewModel+Mock.swift */; };
/* End PBXBuildFile section */

/* Begin PBXContainerItemProxy section */
		79DDA68829B4FB7000B04E2A /* PBXContainerItemProxy */ = {
			isa = PBXContainerItemProxy;
			containerPortal = 79DDA66F29B4FB6F00B04E2A /* Project object */;
			proxyType = 1;
			remoteGlobalIDString = 79DDA67629B4FB6F00B04E2A;
			remoteInfo = BeThere;
		};
		79DDA69229B4FB7000B04E2A /* PBXContainerItemProxy */ = {
			isa = PBXContainerItemProxy;
			containerPortal = 79DDA66F29B4FB6F00B04E2A /* Project object */;
			proxyType = 1;
			remoteGlobalIDString = 79DDA67629B4FB6F00B04E2A;
			remoteInfo = BeThere;
		};
/* End PBXContainerItemProxy section */

/* Begin PBXCopyFilesBuildPhase section */
		79DDA6EA29B50FF000B04E2A /* Embed Frameworks */ = {
			isa = PBXCopyFilesBuildPhase;
			buildActionMask = 2147483647;
			dstPath = "";
			dstSubfolderSpec = 10;
			files = (
				79DDA6E929B50FF000B04E2A /* BaseKit.framework in Embed Frameworks */,
			);
			name = "Embed Frameworks";
			runOnlyForDeploymentPostprocessing = 0;
		};
/* End PBXCopyFilesBuildPhase section */

/* Begin PBXFileReference section */
		790BA70A29C39C94003C15DC /* GoogleService-Info.plist */ = {isa = PBXFileReference; fileEncoding = 4; lastKnownFileType = text.plist.xml; path = "GoogleService-Info.plist"; sourceTree = "<group>"; };
		791277F829C0E5CC0013173D /* IconButton.swift */ = {isa = PBXFileReference; lastKnownFileType = sourcecode.swift; path = IconButton.swift; sourceTree = "<group>"; };
		79188CC129C6744500F47280 /* User.swift */ = {isa = PBXFileReference; lastKnownFileType = sourcecode.swift; path = User.swift; sourceTree = "<group>"; };
		79188CC329C67D6400F47280 /* Publisher+Extensions.swift */ = {isa = PBXFileReference; lastKnownFileType = sourcecode.swift; path = "Publisher+Extensions.swift"; sourceTree = "<group>"; };
		793A5A1129B78F09009A3D5B /* AppDelegate.swift */ = {isa = PBXFileReference; lastKnownFileType = sourcecode.swift; path = AppDelegate.swift; sourceTree = "<group>"; };
		793A5A1329B79369009A3D5B /* AppCoordinator.swift */ = {isa = PBXFileReference; lastKnownFileType = sourcecode.swift; path = AppCoordinator.swift; sourceTree = "<group>"; };
		793A5A1729B796CA009A3D5B /* AuthenticationCoordinator.swift */ = {isa = PBXFileReference; lastKnownFileType = sourcecode.swift; path = AuthenticationCoordinator.swift; sourceTree = "<group>"; };
		793A5A1929B796E1009A3D5B /* AuthenticationScreen.swift */ = {isa = PBXFileReference; lastKnownFileType = sourcecode.swift; path = AuthenticationScreen.swift; sourceTree = "<group>"; };
		793A5A1B29B796F7009A3D5B /* AuthenticationSceneFactory.swift */ = {isa = PBXFileReference; lastKnownFileType = sourcecode.swift; path = AuthenticationSceneFactory.swift; sourceTree = "<group>"; };
		793A5A1D29B79908009A3D5B /* ContentCoordinator.swift */ = {isa = PBXFileReference; lastKnownFileType = sourcecode.swift; path = ContentCoordinator.swift; sourceTree = "<group>"; };
		793A5A2029B79A00009A3D5B /* ContentSceneFactory.swift */ = {isa = PBXFileReference; lastKnownFileType = sourcecode.swift; path = ContentSceneFactory.swift; sourceTree = "<group>"; };
		793A5A2229B79A0D009A3D5B /* ContentScreen.swift */ = {isa = PBXFileReference; lastKnownFileType = sourcecode.swift; path = ContentScreen.swift; sourceTree = "<group>"; };
		793A5A2E29B7A086009A3D5B /* LoginView.swift */ = {isa = PBXFileReference; lastKnownFileType = sourcecode.swift; path = LoginView.swift; sourceTree = "<group>"; };
		793A5A3029B7A09C009A3D5B /* RegistrationView.swift */ = {isa = PBXFileReference; lastKnownFileType = sourcecode.swift; path = RegistrationView.swift; sourceTree = "<group>"; };
		793A5A3229B7A0AE009A3D5B /* SuccessfulRegistrationView.swift */ = {isa = PBXFileReference; lastKnownFileType = sourcecode.swift; path = SuccessfulRegistrationView.swift; sourceTree = "<group>"; };
		793A5A3429B7A0B6009A3D5B /* ChatView.swift */ = {isa = PBXFileReference; lastKnownFileType = sourcecode.swift; path = ChatView.swift; sourceTree = "<group>"; };
		793A5A3629B7A0BF009A3D5B /* EventView.swift */ = {isa = PBXFileReference; lastKnownFileType = sourcecode.swift; path = EventView.swift; sourceTree = "<group>"; };
		793A5A3829B7A0CC009A3D5B /* MainView.swift */ = {isa = PBXFileReference; lastKnownFileType = sourcecode.swift; path = MainView.swift; sourceTree = "<group>"; };
		793A5A3A29B7A0DD009A3D5B /* SearchView.swift */ = {isa = PBXFileReference; lastKnownFileType = sourcecode.swift; path = SearchView.swift; sourceTree = "<group>"; };
		793A5A3C29B7A0E6009A3D5B /* SettingsView.swift */ = {isa = PBXFileReference; lastKnownFileType = sourcecode.swift; path = SettingsView.swift; sourceTree = "<group>"; };
		798048D729BA4D27006AE94C /* MainViewModel.swift */ = {isa = PBXFileReference; lastKnownFileType = sourcecode.swift; path = MainViewModel.swift; sourceTree = "<group>"; };
		798048D929BA4DBE006AE94C /* MainViewModel+Mock.swift */ = {isa = PBXFileReference; lastKnownFileType = sourcecode.swift; path = "MainViewModel+Mock.swift"; sourceTree = "<group>"; };
		798048DB29BA5119006AE94C /* SettingsViewModel.swift */ = {isa = PBXFileReference; lastKnownFileType = sourcecode.swift; path = SettingsViewModel.swift; sourceTree = "<group>"; };
		798048DD29BA512F006AE94C /* SettingsViewModel+Mock.swift */ = {isa = PBXFileReference; lastKnownFileType = sourcecode.swift; path = "SettingsViewModel+Mock.swift"; sourceTree = "<group>"; };
		798F3F0929C9FCDF0022AECC /* AddMemberViewModel.swift */ = {isa = PBXFileReference; lastKnownFileType = sourcecode.swift; path = AddMemberViewModel.swift; sourceTree = "<group>"; };
		798F3F0B29C9FCEC0022AECC /* AddMemberView.swift */ = {isa = PBXFileReference; lastKnownFileType = sourcecode.swift; path = AddMemberView.swift; sourceTree = "<group>"; };
		798F3F0D29C9FF3E0022AECC /* AddMemberViewModel+Mock.swift */ = {isa = PBXFileReference; lastKnownFileType = sourcecode.swift; path = "AddMemberViewModel+Mock.swift"; sourceTree = "<group>"; };
		798F3F0F29CA09A20022AECC /* Event.swift */ = {isa = PBXFileReference; lastKnownFileType = sourcecode.swift; path = Event.swift; sourceTree = "<group>"; };
		798F3F1129CA10980022AECC /* EventDataService.swift */ = {isa = PBXFileReference; lastKnownFileType = sourcecode.swift; path = EventDataService.swift; sourceTree = "<group>"; };
		798F3F1329CA13450022AECC /* Message.swift */ = {isa = PBXFileReference; lastKnownFileType = sourcecode.swift; path = Message.swift; sourceTree = "<group>"; };
		798F3F1529CA1DF30022AECC /* EventDataService+Mock.swift */ = {isa = PBXFileReference; lastKnownFileType = sourcecode.swift; path = "EventDataService+Mock.swift"; sourceTree = "<group>"; };
		7994CA2429BB3B5000EB90E0 /* SearchViewModel.swift */ = {isa = PBXFileReference; lastKnownFileType = sourcecode.swift; path = SearchViewModel.swift; sourceTree = "<group>"; };
		7994CA2629BB3C0900EB90E0 /* SearchViewModel+Mock.swift */ = {isa = PBXFileReference; lastKnownFileType = sourcecode.swift; path = "SearchViewModel+Mock.swift"; sourceTree = "<group>"; };
		7994CA2829BB3F6D00EB90E0 /* ChatViewModel.swift */ = {isa = PBXFileReference; lastKnownFileType = sourcecode.swift; path = ChatViewModel.swift; sourceTree = "<group>"; };
		7994CA2A29BB402D00EB90E0 /* ChatViewModel+Mock.swift */ = {isa = PBXFileReference; lastKnownFileType = sourcecode.swift; path = "ChatViewModel+Mock.swift"; sourceTree = "<group>"; };
		79C235BF29C76D6000B9C497 /* DataService.swift */ = {isa = PBXFileReference; lastKnownFileType = sourcecode.swift; path = DataService.swift; sourceTree = "<group>"; };
		79C235C129C7709100B9C497 /* DataService+Mock.swift */ = {isa = PBXFileReference; lastKnownFileType = sourcecode.swift; path = "DataService+Mock.swift"; sourceTree = "<group>"; };
		79D6CF2529C4741F0022656C /* AuthenticationService.swift */ = {isa = PBXFileReference; lastKnownFileType = sourcecode.swift; path = AuthenticationService.swift; sourceTree = "<group>"; };
		79D6CF2929C492080022656C /* AuthenticationService+Mock.swift */ = {isa = PBXFileReference; lastKnownFileType = sourcecode.swift; path = "AuthenticationService+Mock.swift"; sourceTree = "<group>"; };
		79DDA67729B4FB6F00B04E2A /* BeThere.app */ = {isa = PBXFileReference; explicitFileType = wrapper.application; includeInIndex = 0; path = BeThere.app; sourceTree = BUILT_PRODUCTS_DIR; };
		79DDA67A29B4FB6F00B04E2A /* BeThereApp.swift */ = {isa = PBXFileReference; lastKnownFileType = sourcecode.swift; path = BeThereApp.swift; sourceTree = "<group>"; };
		79DDA67E29B4FB7000B04E2A /* Assets.xcassets */ = {isa = PBXFileReference; lastKnownFileType = folder.assetcatalog; path = Assets.xcassets; sourceTree = "<group>"; };
		79DDA68129B4FB7000B04E2A /* Preview Assets.xcassets */ = {isa = PBXFileReference; lastKnownFileType = folder.assetcatalog; path = "Preview Assets.xcassets"; sourceTree = "<group>"; };
		79DDA68729B4FB7000B04E2A /* BeThereTests.xctest */ = {isa = PBXFileReference; explicitFileType = wrapper.cfbundle; includeInIndex = 0; path = BeThereTests.xctest; sourceTree = BUILT_PRODUCTS_DIR; };
		79DDA68B29B4FB7000B04E2A /* BeThereTests.swift */ = {isa = PBXFileReference; lastKnownFileType = sourcecode.swift; path = BeThereTests.swift; sourceTree = "<group>"; };
		79DDA69129B4FB7000B04E2A /* BeThereUITests.xctest */ = {isa = PBXFileReference; explicitFileType = wrapper.cfbundle; includeInIndex = 0; path = BeThereUITests.xctest; sourceTree = BUILT_PRODUCTS_DIR; };
		79DDA69529B4FB7000B04E2A /* BeThereUITests.swift */ = {isa = PBXFileReference; lastKnownFileType = sourcecode.swift; path = BeThereUITests.swift; sourceTree = "<group>"; };
		79DDA6AC29B5006400B04E2A /* en */ = {isa = PBXFileReference; lastKnownFileType = text.plist.strings; name = en; path = en.lproj/Localizable.strings; sourceTree = "<group>"; };
		79DDA6AF29B5017F00B04E2A /* Localizable.swift */ = {isa = PBXFileReference; fileEncoding = 4; lastKnownFileType = sourcecode.swift; path = Localizable.swift; sourceTree = "<group>"; };
		79DDA6B129B5040E00B04E2A /* DI.swift */ = {isa = PBXFileReference; lastKnownFileType = sourcecode.swift; path = DI.swift; sourceTree = "<group>"; };
		79DDA6E729B50FF000B04E2A /* BaseKit.framework */ = {isa = PBXFileReference; explicitFileType = wrapper.framework; path = BaseKit.framework; sourceTree = BUILT_PRODUCTS_DIR; };
		79EBF84E29B8F7EF00E83646 /* LoginViewModel.swift */ = {isa = PBXFileReference; lastKnownFileType = sourcecode.swift; path = LoginViewModel.swift; sourceTree = "<group>"; };
		79EBF85329B9000600E83646 /* LoginViewModel+Mock.swift */ = {isa = PBXFileReference; lastKnownFileType = sourcecode.swift; path = "LoginViewModel+Mock.swift"; sourceTree = "<group>"; };
		79EBF85629B901F400E83646 /* RegistrationViewModel.swift */ = {isa = PBXFileReference; lastKnownFileType = sourcecode.swift; path = RegistrationViewModel.swift; sourceTree = "<group>"; };
		79EBF85829B9020D00E83646 /* RegistrationViewModel+Mock.swift */ = {isa = PBXFileReference; lastKnownFileType = sourcecode.swift; path = "RegistrationViewModel+Mock.swift"; sourceTree = "<group>"; };
		79EBF85A29B907E300E83646 /* SuccessfulRegistrationViewModel.swift */ = {isa = PBXFileReference; lastKnownFileType = sourcecode.swift; path = SuccessfulRegistrationViewModel.swift; sourceTree = "<group>"; };
		79EBF85D29B9081E00E83646 /* SuccesfulRegistrationViewModel+Mock.swift */ = {isa = PBXFileReference; lastKnownFileType = sourcecode.swift; path = "SuccesfulRegistrationViewModel+Mock.swift"; sourceTree = "<group>"; };
		79EBF86029B90D1E00E83646 /* Image+Extensions.swift */ = {isa = PBXFileReference; lastKnownFileType = sourcecode.swift; path = "Image+Extensions.swift"; sourceTree = "<group>"; };
		79F645F329BB6F31004B761D /* EventViewModel.swift */ = {isa = PBXFileReference; lastKnownFileType = sourcecode.swift; path = EventViewModel.swift; sourceTree = "<group>"; };
		79F645F529BB6F62004B761D /* EventViewModel+Mock.swift */ = {isa = PBXFileReference; lastKnownFileType = sourcecode.swift; path = "EventViewModel+Mock.swift"; sourceTree = "<group>"; };
		9A46FDF8AD0B5CB5B7F9A24B /* Pods_BeThere.framework */ = {isa = PBXFileReference; explicitFileType = wrapper.framework; includeInIndex = 0; path = Pods_BeThere.framework; sourceTree = BUILT_PRODUCTS_DIR; };
		B7A019FF2B4B235760874CD4 /* Pods-BeThere.release.xcconfig */ = {isa = PBXFileReference; includeInIndex = 1; lastKnownFileType = text.xcconfig; name = "Pods-BeThere.release.xcconfig"; path = "Target Support Files/Pods-BeThere/Pods-BeThere.release.xcconfig"; sourceTree = "<group>"; };
		CF35A98EBE118096C5AF97E8 /* Pods-BeThere.debug.xcconfig */ = {isa = PBXFileReference; includeInIndex = 1; lastKnownFileType = text.xcconfig; name = "Pods-BeThere.debug.xcconfig"; path = "Target Support Files/Pods-BeThere/Pods-BeThere.debug.xcconfig"; sourceTree = "<group>"; };
/* End PBXFileReference section */

/* Begin PBXFrameworksBuildPhase section */
		79DDA67429B4FB6F00B04E2A /* Frameworks */ = {
			isa = PBXFrameworksBuildPhase;
			buildActionMask = 2147483647;
			files = (
				79DDA6E829B50FF000B04E2A /* BaseKit.framework in Frameworks */,
				112D7F5EE4519EE61062E6DF /* Pods_BeThere.framework in Frameworks */,
			);
			runOnlyForDeploymentPostprocessing = 0;
		};
		79DDA68429B4FB7000B04E2A /* Frameworks */ = {
			isa = PBXFrameworksBuildPhase;
			buildActionMask = 2147483647;
			files = (
			);
			runOnlyForDeploymentPostprocessing = 0;
		};
		79DDA68E29B4FB7000B04E2A /* Frameworks */ = {
			isa = PBXFrameworksBuildPhase;
			buildActionMask = 2147483647;
			files = (
			);
			runOnlyForDeploymentPostprocessing = 0;
		};
/* End PBXFrameworksBuildPhase section */

/* Begin PBXGroup section */
		004873072053CDBE57ECEDEB /* Frameworks */ = {
			isa = PBXGroup;
			children = (
				79DDA6E729B50FF000B04E2A /* BaseKit.framework */,
				9A46FDF8AD0B5CB5B7F9A24B /* Pods_BeThere.framework */,
			);
			name = Frameworks;
			sourceTree = "<group>";
		};
		2CC272CDD1AD797A9C988BC2 /* Pods */ = {
			isa = PBXGroup;
			children = (
				CF35A98EBE118096C5AF97E8 /* Pods-BeThere.debug.xcconfig */,
				B7A019FF2B4B235760874CD4 /* Pods-BeThere.release.xcconfig */,
			);
			path = Pods;
			sourceTree = "<group>";
		};
		790BA70929C39C37003C15DC /* Service */ = {
			isa = PBXGroup;
			children = (
				79D6CF2429C473DA0022656C /* Firebase */,
			);
			path = Service;
			sourceTree = "<group>";
		};
		791277F729C0E5B80013173D /* Components */ = {
			isa = PBXGroup;
			children = (
				791277F829C0E5CC0013173D /* IconButton.swift */,
			);
			path = Components;
			sourceTree = "<group>";
		};
		793A5A1529B795EB009A3D5B /* Authentication */ = {
			isa = PBXGroup;
			children = (
				793A5A1729B796CA009A3D5B /* AuthenticationCoordinator.swift */,
				793A5A1B29B796F7009A3D5B /* AuthenticationSceneFactory.swift */,
				793A5A1929B796E1009A3D5B /* AuthenticationScreen.swift */,
			);
			path = Authentication;
			sourceTree = "<group>";
		};
		793A5A1629B795F4009A3D5B /* Content */ = {
			isa = PBXGroup;
			children = (
				793A5A1D29B79908009A3D5B /* ContentCoordinator.swift */,
				793A5A2029B79A00009A3D5B /* ContentSceneFactory.swift */,
				793A5A2229B79A0D009A3D5B /* ContentScreen.swift */,
			);
			path = Content;
			sourceTree = "<group>";
		};
		793A5A2429B79F44009A3D5B /* Authentication */ = {
			isa = PBXGroup;
			children = (
				793A5A2629B79F7F009A3D5B /* Login */,
				793A5A2729B79F87009A3D5B /* Registration */,
				793A5A2829B79F97009A3D5B /* SuccessfulRegistration */,
			);
			path = Authentication;
			sourceTree = "<group>";
		};
		793A5A2529B79F4F009A3D5B /* Content */ = {
			isa = PBXGroup;
			children = (
				798F3F0829C9FCC60022AECC /* AddMember */,
				793A5A2C29B79FC6009A3D5B /* Chat */,
				793A5A2D29B79FE6009A3D5B /* Event */,
				793A5A2929B79FAE009A3D5B /* Main */,
				793A5A2B29B79FB7009A3D5B /* Search */,
				793A5A2A29B79FB3009A3D5B /* Settings */,
			);
			path = Content;
			sourceTree = "<group>";
		};
		793A5A2629B79F7F009A3D5B /* Login */ = {
			isa = PBXGroup;
			children = (
				793A5A2E29B7A086009A3D5B /* LoginView.swift */,
				79EBF84E29B8F7EF00E83646 /* LoginViewModel.swift */,
			);
			path = Login;
			sourceTree = "<group>";
		};
		793A5A2729B79F87009A3D5B /* Registration */ = {
			isa = PBXGroup;
			children = (
				793A5A3029B7A09C009A3D5B /* RegistrationView.swift */,
				79EBF85629B901F400E83646 /* RegistrationViewModel.swift */,
			);
			path = Registration;
			sourceTree = "<group>";
		};
		793A5A2829B79F97009A3D5B /* SuccessfulRegistration */ = {
			isa = PBXGroup;
			children = (
				793A5A3229B7A0AE009A3D5B /* SuccessfulRegistrationView.swift */,
				79EBF85A29B907E300E83646 /* SuccessfulRegistrationViewModel.swift */,
			);
			path = SuccessfulRegistration;
			sourceTree = "<group>";
		};
		793A5A2929B79FAE009A3D5B /* Main */ = {
			isa = PBXGroup;
			children = (
				793A5A3829B7A0CC009A3D5B /* MainView.swift */,
				798048D729BA4D27006AE94C /* MainViewModel.swift */,
			);
			path = Main;
			sourceTree = "<group>";
		};
		793A5A2A29B79FB3009A3D5B /* Settings */ = {
			isa = PBXGroup;
			children = (
				793A5A3C29B7A0E6009A3D5B /* SettingsView.swift */,
				798048DB29BA5119006AE94C /* SettingsViewModel.swift */,
			);
			path = Settings;
			sourceTree = "<group>";
		};
		793A5A2B29B79FB7009A3D5B /* Search */ = {
			isa = PBXGroup;
			children = (
				793A5A3A29B7A0DD009A3D5B /* SearchView.swift */,
				7994CA2429BB3B5000EB90E0 /* SearchViewModel.swift */,
			);
			path = Search;
			sourceTree = "<group>";
		};
		793A5A2C29B79FC6009A3D5B /* Chat */ = {
			isa = PBXGroup;
			children = (
				793A5A3429B7A0B6009A3D5B /* ChatView.swift */,
				7994CA2829BB3F6D00EB90E0 /* ChatViewModel.swift */,
			);
			path = Chat;
			sourceTree = "<group>";
		};
		793A5A2D29B79FE6009A3D5B /* Event */ = {
			isa = PBXGroup;
			children = (
				793A5A3629B7A0BF009A3D5B /* EventView.swift */,
				79F645F329BB6F31004B761D /* EventViewModel.swift */,
			);
			path = Event;
			sourceTree = "<group>";
		};
		79890E4929C39B9500C270BF /* Domain */ = {
			isa = PBXGroup;
			children = (
				798F3F0F29CA09A20022AECC /* Event.swift */,
				798F3F1329CA13450022AECC /* Message.swift */,
				79188CC129C6744500F47280 /* User.swift */,
			);
			path = Domain;
			sourceTree = "<group>";
		};
		798F3F0829C9FCC60022AECC /* AddMember */ = {
			isa = PBXGroup;
			children = (
				798F3F0B29C9FCEC0022AECC /* AddMemberView.swift */,
				798F3F0929C9FCDF0022AECC /* AddMemberViewModel.swift */,
			);
			path = AddMember;
			sourceTree = "<group>";
		};
		79D6CF2429C473DA0022656C /* Firebase */ = {
			isa = PBXGroup;
			children = (
				79D6CF2529C4741F0022656C /* AuthenticationService.swift */,
				79C235BF29C76D6000B9C497 /* DataService.swift */,
				798F3F1129CA10980022AECC /* EventDataService.swift */,
			);
			path = Firebase;
			sourceTree = "<group>";
		};
		79D6CF2729C491E10022656C /* Service */ = {
			isa = PBXGroup;
			children = (
				79D6CF2829C491F10022656C /* Firebase */,
			);
			path = Service;
			sourceTree = "<group>";
		};
		79D6CF2829C491F10022656C /* Firebase */ = {
			isa = PBXGroup;
			children = (
				79D6CF2929C492080022656C /* AuthenticationService+Mock.swift */,
				79C235C129C7709100B9C497 /* DataService+Mock.swift */,
				798F3F1529CA1DF30022AECC /* EventDataService+Mock.swift */,
			);
			path = Firebase;
			sourceTree = "<group>";
		};
		79DDA66E29B4FB6F00B04E2A = {
			isa = PBXGroup;
			children = (
				79DDA67929B4FB6F00B04E2A /* BeThere */,
				79DDA68A29B4FB7000B04E2A /* BeThereTests */,
				79DDA69429B4FB7000B04E2A /* BeThereUITests */,
				79DDA67829B4FB6F00B04E2A /* Products */,
				2CC272CDD1AD797A9C988BC2 /* Pods */,
				004873072053CDBE57ECEDEB /* Frameworks */,
			);
			sourceTree = "<group>";
		};
		79DDA67829B4FB6F00B04E2A /* Products */ = {
			isa = PBXGroup;
			children = (
				79DDA67729B4FB6F00B04E2A /* BeThere.app */,
				79DDA68729B4FB7000B04E2A /* BeThereTests.xctest */,
				79DDA69129B4FB7000B04E2A /* BeThereUITests.xctest */,
			);
			name = Products;
			sourceTree = "<group>";
		};
		79DDA67929B4FB6F00B04E2A /* BeThere */ = {
			isa = PBXGroup;
			children = (
				79DDA6B329B508EF00B04E2A /* App */,
				79DDA6B429B508F600B04E2A /* DI */,
				79890E4929C39B9500C270BF /* Domain */,
				79DDA6B629B5091400B04E2A /* Navigation */,
				79DDA68029B4FB7000B04E2A /* Preview Content */,
				79DDA6A529B5000900B04E2A /* Resources */,
				79DDA6B729B5092100B04E2A /* Scene */,
				790BA70929C39C37003C15DC /* Service */,
			);
			path = BeThere;
			sourceTree = "<group>";
		};
		79DDA68029B4FB7000B04E2A /* Preview Content */ = {
			isa = PBXGroup;
			children = (
				79DDA68129B4FB7000B04E2A /* Preview Assets.xcassets */,
			);
			path = "Preview Content";
			sourceTree = "<group>";
		};
		79DDA68A29B4FB7000B04E2A /* BeThereTests */ = {
			isa = PBXGroup;
			children = (
				79DDA68B29B4FB7000B04E2A /* BeThereTests.swift */,
			);
			path = BeThereTests;
			sourceTree = "<group>";
		};
		79DDA69429B4FB7000B04E2A /* BeThereUITests */ = {
			isa = PBXGroup;
			children = (
				79DDA69529B4FB7000B04E2A /* BeThereUITests.swift */,
			);
			path = BeThereUITests;
			sourceTree = "<group>";
		};
		79DDA6A529B5000900B04E2A /* Resources */ = {
			isa = PBXGroup;
			children = (
				79DDA6B929B5095400B04E2A /* Assets */,
				791277F729C0E5B80013173D /* Components */,
				79EBF85F29B90CD900E83646 /* Extensions */,
				79DDA6A629B5002000B04E2A /* Generated */,
				79DDA6A829B5003700B04E2A /* Localizable */,
				79EBF85029B8FFB600E83646 /* Mock */,
			);
			path = Resources;
			sourceTree = "<group>";
		};
		79DDA6A629B5002000B04E2A /* Generated */ = {
			isa = PBXGroup;
			children = (
				79DDA6AF29B5017F00B04E2A /* Localizable.swift */,
			);
			path = Generated;
			sourceTree = "<group>";
		};
		79DDA6A829B5003700B04E2A /* Localizable */ = {
			isa = PBXGroup;
			children = (
				79DDA6AD29B5006400B04E2A /* Localizable.strings */,
			);
			path = Localizable;
			sourceTree = "<group>";
		};
		79DDA6B329B508EF00B04E2A /* App */ = {
			isa = PBXGroup;
			children = (
				793A5A1329B79369009A3D5B /* AppCoordinator.swift */,
				793A5A1129B78F09009A3D5B /* AppDelegate.swift */,
				79DDA67A29B4FB6F00B04E2A /* BeThereApp.swift */,
				790BA70A29C39C94003C15DC /* GoogleService-Info.plist */,
			);
			path = App;
			sourceTree = "<group>";
		};
		79DDA6B429B508F600B04E2A /* DI */ = {
			isa = PBXGroup;
			children = (
				79DDA6B129B5040E00B04E2A /* DI.swift */,
			);
			path = DI;
			sourceTree = "<group>";
		};
		79DDA6B629B5091400B04E2A /* Navigation */ = {
			isa = PBXGroup;
			children = (
				793A5A1529B795EB009A3D5B /* Authentication */,
				793A5A1629B795F4009A3D5B /* Content */,
			);
			path = Navigation;
			sourceTree = "<group>";
		};
		79DDA6B729B5092100B04E2A /* Scene */ = {
			isa = PBXGroup;
			children = (
				793A5A2429B79F44009A3D5B /* Authentication */,
				793A5A2529B79F4F009A3D5B /* Content */,
			);
			path = Scene;
			sourceTree = "<group>";
		};
		79DDA6B929B5095400B04E2A /* Assets */ = {
			isa = PBXGroup;
			children = (
				79DDA67E29B4FB7000B04E2A /* Assets.xcassets */,
			);
			path = Assets;
			sourceTree = "<group>";
		};
		79EBF85029B8FFB600E83646 /* Mock */ = {
			isa = PBXGroup;
			children = (
				79EBF85129B8FFDD00E83646 /* Scene */,
				79D6CF2729C491E10022656C /* Service */,
			);
			path = Mock;
			sourceTree = "<group>";
		};
		79EBF85129B8FFDD00E83646 /* Scene */ = {
			isa = PBXGroup;
			children = (
				79EBF85229B8FFE300E83646 /* Authentication */,
				79EBF85529B9008100E83646 /* Content */,
			);
			path = Scene;
			sourceTree = "<group>";
		};
		79EBF85229B8FFE300E83646 /* Authentication */ = {
			isa = PBXGroup;
			children = (
				79EBF85329B9000600E83646 /* LoginViewModel+Mock.swift */,
				79EBF85829B9020D00E83646 /* RegistrationViewModel+Mock.swift */,
				79EBF85D29B9081E00E83646 /* SuccesfulRegistrationViewModel+Mock.swift */,
			);
			path = Authentication;
			sourceTree = "<group>";
		};
		79EBF85529B9008100E83646 /* Content */ = {
			isa = PBXGroup;
			children = (
				798F3F0D29C9FF3E0022AECC /* AddMemberViewModel+Mock.swift */,
				7994CA2A29BB402D00EB90E0 /* ChatViewModel+Mock.swift */,
				79F645F529BB6F62004B761D /* EventViewModel+Mock.swift */,
				798048D929BA4DBE006AE94C /* MainViewModel+Mock.swift */,
				7994CA2629BB3C0900EB90E0 /* SearchViewModel+Mock.swift */,
				798048DD29BA512F006AE94C /* SettingsViewModel+Mock.swift */,
			);
			path = Content;
			sourceTree = "<group>";
		};
		79EBF85F29B90CD900E83646 /* Extensions */ = {
			isa = PBXGroup;
			children = (
				79EBF86029B90D1E00E83646 /* Image+Extensions.swift */,
				79188CC329C67D6400F47280 /* Publisher+Extensions.swift */,
			);
			path = Extensions;
			sourceTree = "<group>";
		};
/* End PBXGroup section */

/* Begin PBXNativeTarget section */
		79DDA67629B4FB6F00B04E2A /* BeThere */ = {
			isa = PBXNativeTarget;
			buildConfigurationList = 79DDA69B29B4FB7000B04E2A /* Build configuration list for PBXNativeTarget "BeThere" */;
			buildPhases = (
				98F2AFF51B0231D4601280CD /* [CP] Check Pods Manifest.lock */,
				79DDA6AE29B500AE00B04E2A /* SwiftGen */,
				79DDA6A429B4FDFA00B04E2A /* SwiftLint */,
				79DDA67329B4FB6F00B04E2A /* Sources */,
				79DDA67429B4FB6F00B04E2A /* Frameworks */,
				79DDA67529B4FB6F00B04E2A /* Resources */,
				3E005C0349608050266A5B8B /* [CP] Embed Pods Frameworks */,
				79DDA6EA29B50FF000B04E2A /* Embed Frameworks */,
			);
			buildRules = (
			);
			dependencies = (
			);
			name = BeThere;
			productName = BeThere;
			productReference = 79DDA67729B4FB6F00B04E2A /* BeThere.app */;
			productType = "com.apple.product-type.application";
		};
		79DDA68629B4FB7000B04E2A /* BeThereTests */ = {
			isa = PBXNativeTarget;
			buildConfigurationList = 79DDA69E29B4FB7000B04E2A /* Build configuration list for PBXNativeTarget "BeThereTests" */;
			buildPhases = (
				79DDA68329B4FB7000B04E2A /* Sources */,
				79DDA68429B4FB7000B04E2A /* Frameworks */,
				79DDA68529B4FB7000B04E2A /* Resources */,
			);
			buildRules = (
			);
			dependencies = (
				79DDA68929B4FB7000B04E2A /* PBXTargetDependency */,
			);
			name = BeThereTests;
			productName = BeThereTests;
			productReference = 79DDA68729B4FB7000B04E2A /* BeThereTests.xctest */;
			productType = "com.apple.product-type.bundle.unit-test";
		};
		79DDA69029B4FB7000B04E2A /* BeThereUITests */ = {
			isa = PBXNativeTarget;
			buildConfigurationList = 79DDA6A129B4FB7000B04E2A /* Build configuration list for PBXNativeTarget "BeThereUITests" */;
			buildPhases = (
				79DDA68D29B4FB7000B04E2A /* Sources */,
				79DDA68E29B4FB7000B04E2A /* Frameworks */,
				79DDA68F29B4FB7000B04E2A /* Resources */,
			);
			buildRules = (
			);
			dependencies = (
				79DDA69329B4FB7000B04E2A /* PBXTargetDependency */,
			);
			name = BeThereUITests;
			productName = BeThereUITests;
			productReference = 79DDA69129B4FB7000B04E2A /* BeThereUITests.xctest */;
			productType = "com.apple.product-type.bundle.ui-testing";
		};
/* End PBXNativeTarget section */

/* Begin PBXProject section */
		79DDA66F29B4FB6F00B04E2A /* Project object */ = {
			isa = PBXProject;
			attributes = {
				BuildIndependentTargetsInParallel = 1;
				LastSwiftUpdateCheck = 1400;
				LastUpgradeCheck = 1400;
				TargetAttributes = {
					79DDA67629B4FB6F00B04E2A = {
						CreatedOnToolsVersion = 14.0;
					};
					79DDA68629B4FB7000B04E2A = {
						CreatedOnToolsVersion = 14.0;
						TestTargetID = 79DDA67629B4FB6F00B04E2A;
					};
					79DDA69029B4FB7000B04E2A = {
						CreatedOnToolsVersion = 14.0;
						TestTargetID = 79DDA67629B4FB6F00B04E2A;
					};
				};
			};
			buildConfigurationList = 79DDA67229B4FB6F00B04E2A /* Build configuration list for PBXProject "BeThere" */;
			compatibilityVersion = "Xcode 14.0";
			developmentRegion = en;
			hasScannedForEncodings = 0;
			knownRegions = (
				en,
				Base,
			);
			mainGroup = 79DDA66E29B4FB6F00B04E2A;
			productRefGroup = 79DDA67829B4FB6F00B04E2A /* Products */;
			projectDirPath = "";
			projectRoot = "";
			targets = (
				79DDA67629B4FB6F00B04E2A /* BeThere */,
				79DDA68629B4FB7000B04E2A /* BeThereTests */,
				79DDA69029B4FB7000B04E2A /* BeThereUITests */,
			);
		};
/* End PBXProject section */

/* Begin PBXResourcesBuildPhase section */
		79DDA67529B4FB6F00B04E2A /* Resources */ = {
			isa = PBXResourcesBuildPhase;
			buildActionMask = 2147483647;
			files = (
				79DDA68229B4FB7000B04E2A /* Preview Assets.xcassets in Resources */,
				790BA70B29C39C94003C15DC /* GoogleService-Info.plist in Resources */,
				79DDA6AB29B5006400B04E2A /* Localizable.strings in Resources */,
				79DDA67F29B4FB7000B04E2A /* Assets.xcassets in Resources */,
			);
			runOnlyForDeploymentPostprocessing = 0;
		};
		79DDA68529B4FB7000B04E2A /* Resources */ = {
			isa = PBXResourcesBuildPhase;
			buildActionMask = 2147483647;
			files = (
			);
			runOnlyForDeploymentPostprocessing = 0;
		};
		79DDA68F29B4FB7000B04E2A /* Resources */ = {
			isa = PBXResourcesBuildPhase;
			buildActionMask = 2147483647;
			files = (
			);
			runOnlyForDeploymentPostprocessing = 0;
		};
/* End PBXResourcesBuildPhase section */

/* Begin PBXShellScriptBuildPhase section */
		3E005C0349608050266A5B8B /* [CP] Embed Pods Frameworks */ = {
			isa = PBXShellScriptBuildPhase;
			buildActionMask = 2147483647;
			files = (
			);
			inputFileListPaths = (
				"${PODS_ROOT}/Target Support Files/Pods-BeThere/Pods-BeThere-frameworks-${CONFIGURATION}-input-files.xcfilelist",
			);
			name = "[CP] Embed Pods Frameworks";
			outputFileListPaths = (
				"${PODS_ROOT}/Target Support Files/Pods-BeThere/Pods-BeThere-frameworks-${CONFIGURATION}-output-files.xcfilelist",
			);
			runOnlyForDeploymentPostprocessing = 0;
			shellPath = /bin/sh;
			shellScript = "\"${PODS_ROOT}/Target Support Files/Pods-BeThere/Pods-BeThere-frameworks.sh\"\n";
			showEnvVarsInLog = 0;
		};
		79DDA6A429B4FDFA00B04E2A /* SwiftLint */ = {
			isa = PBXShellScriptBuildPhase;
			alwaysOutOfDate = 1;
			buildActionMask = 2147483647;
			files = (
			);
			inputFileListPaths = (
			);
			inputPaths = (
			);
			name = SwiftLint;
			outputFileListPaths = (
			);
			outputPaths = (
			);
			runOnlyForDeploymentPostprocessing = 0;
			shellPath = /bin/sh;
			shellScript = "\"${PODS_ROOT}/SwiftLint/swiftlint\"\n";
		};
		79DDA6AE29B500AE00B04E2A /* SwiftGen */ = {
			isa = PBXShellScriptBuildPhase;
			alwaysOutOfDate = 1;
			buildActionMask = 2147483647;
			files = (
			);
			inputFileListPaths = (
			);
			inputPaths = (
			);
			name = SwiftGen;
			outputFileListPaths = (
			);
			outputPaths = (
			);
			runOnlyForDeploymentPostprocessing = 0;
			shellPath = /bin/sh;
			shellScript = "if [[ -f \"${PODS_ROOT}/SwiftGen/bin/swiftgen\" ]]; then\n  \"${PODS_ROOT}/SwiftGen/bin/swiftgen\"\nelse\n  echo \"warning: SwiftGen is not installed. Run 'pod install --repo-update' to install it.\"\nfi\n";
		};
		98F2AFF51B0231D4601280CD /* [CP] Check Pods Manifest.lock */ = {
			isa = PBXShellScriptBuildPhase;
			buildActionMask = 2147483647;
			files = (
			);
			inputFileListPaths = (
			);
			inputPaths = (
				"${PODS_PODFILE_DIR_PATH}/Podfile.lock",
				"${PODS_ROOT}/Manifest.lock",
			);
			name = "[CP] Check Pods Manifest.lock";
			outputFileListPaths = (
			);
			outputPaths = (
				"$(DERIVED_FILE_DIR)/Pods-BeThere-checkManifestLockResult.txt",
			);
			runOnlyForDeploymentPostprocessing = 0;
			shellPath = /bin/sh;
			shellScript = "diff \"${PODS_PODFILE_DIR_PATH}/Podfile.lock\" \"${PODS_ROOT}/Manifest.lock\" > /dev/null\nif [ $? != 0 ] ; then\n    # print error to STDERR\n    echo \"error: The sandbox is not in sync with the Podfile.lock. Run 'pod install' or update your CocoaPods installation.\" >&2\n    exit 1\nfi\n# This output is used by Xcode 'outputs' to avoid re-running this script phase.\necho \"SUCCESS\" > \"${SCRIPT_OUTPUT_FILE_0}\"\n";
			showEnvVarsInLog = 0;
		};
/* End PBXShellScriptBuildPhase section */

/* Begin PBXSourcesBuildPhase section */
		79DDA67329B4FB6F00B04E2A /* Sources */ = {
			isa = PBXSourcesBuildPhase;
			buildActionMask = 2147483647;
			files = (
				79188CC429C67D6400F47280 /* Publisher+Extensions.swift in Sources */,
				793A5A1429B79369009A3D5B /* AppCoordinator.swift in Sources */,
				798048DE29BA512F006AE94C /* SettingsViewModel+Mock.swift in Sources */,
				79EBF85729B901F400E83646 /* RegistrationViewModel.swift in Sources */,
				798F3F1629CA1DF30022AECC /* EventDataService+Mock.swift in Sources */,
				798F3F0E29C9FF3E0022AECC /* AddMemberViewModel+Mock.swift in Sources */,
				793A5A3B29B7A0DD009A3D5B /* SearchView.swift in Sources */,
				793A5A3929B7A0CC009A3D5B /* MainView.swift in Sources */,
				798F3F0C29C9FCEC0022AECC /* AddMemberView.swift in Sources */,
				793A5A1829B796CA009A3D5B /* AuthenticationCoordinator.swift in Sources */,
				793A5A3329B7A0AE009A3D5B /* SuccessfulRegistrationView.swift in Sources */,
				793A5A3D29B7A0E6009A3D5B /* SettingsView.swift in Sources */,
				793A5A3729B7A0BF009A3D5B /* EventView.swift in Sources */,
				79DDA6B229B5040E00B04E2A /* DI.swift in Sources */,
				798048DA29BA4DBE006AE94C /* MainViewModel+Mock.swift in Sources */,
				79EBF85929B9020D00E83646 /* RegistrationViewModel+Mock.swift in Sources */,
				7994CA2729BB3C0900EB90E0 /* SearchViewModel+Mock.swift in Sources */,
				79EBF84F29B8F7EF00E83646 /* LoginViewModel.swift in Sources */,
				79C235C029C76D6000B9C497 /* DataService.swift in Sources */,
				79EBF85B29B907E300E83646 /* SuccessfulRegistrationViewModel.swift in Sources */,
				79D6CF2629C4741F0022656C /* AuthenticationService.swift in Sources */,
				793A5A3529B7A0B6009A3D5B /* ChatView.swift in Sources */,
				7994CA2B29BB402D00EB90E0 /* ChatViewModel+Mock.swift in Sources */,
				793A5A3129B7A09C009A3D5B /* RegistrationView.swift in Sources */,
				79DDA6B029B5017F00B04E2A /* Localizable.swift in Sources */,
				798048DC29BA5119006AE94C /* SettingsViewModel.swift in Sources */,
				793A5A1A29B796E1009A3D5B /* AuthenticationScreen.swift in Sources */,
				798F3F1029CA09A20022AECC /* Event.swift in Sources */,
				798F3F1429CA13450022AECC /* Message.swift in Sources */,
				793A5A1229B78F09009A3D5B /* AppDelegate.swift in Sources */,
				791277F929C0E5CC0013173D /* IconButton.swift in Sources */,
				798048D829BA4D27006AE94C /* MainViewModel.swift in Sources */,
				793A5A2129B79A00009A3D5B /* ContentSceneFactory.swift in Sources */,
				79D6CF2A29C492080022656C /* AuthenticationService+Mock.swift in Sources */,
				79DDA67B29B4FB6F00B04E2A /* BeThereApp.swift in Sources */,
				79188CC229C6744500F47280 /* User.swift in Sources */,
				798F3F1229CA10980022AECC /* EventDataService.swift in Sources */,
				79EBF86129B90D1E00E83646 /* Image+Extensions.swift in Sources */,
				7994CA2529BB3B5000EB90E0 /* SearchViewModel.swift in Sources */,
				793A5A2329B79A0D009A3D5B /* ContentScreen.swift in Sources */,
				793A5A2F29B7A086009A3D5B /* LoginView.swift in Sources */,
				79EBF85E29B9081E00E83646 /* SuccesfulRegistrationViewModel+Mock.swift in Sources */,
				79EBF85429B9000600E83646 /* LoginViewModel+Mock.swift in Sources */,
				79F645F629BB6F62004B761D /* EventViewModel+Mock.swift in Sources */,
				79C235C229C7709100B9C497 /* DataService+Mock.swift in Sources */,
				793A5A1E29B79908009A3D5B /* ContentCoordinator.swift in Sources */,
				798F3F0A29C9FCDF0022AECC /* AddMemberViewModel.swift in Sources */,
				7994CA2929BB3F6D00EB90E0 /* ChatViewModel.swift in Sources */,
				79F645F429BB6F31004B761D /* EventViewModel.swift in Sources */,
				793A5A1C29B796F7009A3D5B /* AuthenticationSceneFactory.swift in Sources */,
			);
			runOnlyForDeploymentPostprocessing = 0;
		};
		79DDA68329B4FB7000B04E2A /* Sources */ = {
			isa = PBXSourcesBuildPhase;
			buildActionMask = 2147483647;
			files = (
				79DDA68C29B4FB7000B04E2A /* BeThereTests.swift in Sources */,
			);
			runOnlyForDeploymentPostprocessing = 0;
		};
		79DDA68D29B4FB7000B04E2A /* Sources */ = {
			isa = PBXSourcesBuildPhase;
			buildActionMask = 2147483647;
			files = (
				79DDA69629B4FB7000B04E2A /* BeThereUITests.swift in Sources */,
			);
			runOnlyForDeploymentPostprocessing = 0;
		};
/* End PBXSourcesBuildPhase section */

/* Begin PBXTargetDependency section */
		79DDA68929B4FB7000B04E2A /* PBXTargetDependency */ = {
			isa = PBXTargetDependency;
			target = 79DDA67629B4FB6F00B04E2A /* BeThere */;
			targetProxy = 79DDA68829B4FB7000B04E2A /* PBXContainerItemProxy */;
		};
		79DDA69329B4FB7000B04E2A /* PBXTargetDependency */ = {
			isa = PBXTargetDependency;
			target = 79DDA67629B4FB6F00B04E2A /* BeThere */;
			targetProxy = 79DDA69229B4FB7000B04E2A /* PBXContainerItemProxy */;
		};
/* End PBXTargetDependency section */

/* Begin PBXVariantGroup section */
		79DDA6AD29B5006400B04E2A /* Localizable.strings */ = {
			isa = PBXVariantGroup;
			children = (
				79DDA6AC29B5006400B04E2A /* en */,
			);
			name = Localizable.strings;
			sourceTree = "<group>";
		};
/* End PBXVariantGroup section */

/* Begin XCBuildConfiguration section */
		79DDA69929B4FB7000B04E2A /* Debug */ = {
			isa = XCBuildConfiguration;
			buildSettings = {
				ALWAYS_SEARCH_USER_PATHS = NO;
				CLANG_ANALYZER_NONNULL = YES;
				CLANG_ANALYZER_NUMBER_OBJECT_CONVERSION = YES_AGGRESSIVE;
				CLANG_CXX_LANGUAGE_STANDARD = "gnu++20";
				CLANG_ENABLE_MODULES = YES;
				CLANG_ENABLE_OBJC_ARC = YES;
				CLANG_ENABLE_OBJC_WEAK = YES;
				CLANG_WARN_BLOCK_CAPTURE_AUTORELEASING = YES;
				CLANG_WARN_BOOL_CONVERSION = YES;
				CLANG_WARN_COMMA = YES;
				CLANG_WARN_CONSTANT_CONVERSION = YES;
				CLANG_WARN_DEPRECATED_OBJC_IMPLEMENTATIONS = YES;
				CLANG_WARN_DIRECT_OBJC_ISA_USAGE = YES_ERROR;
				CLANG_WARN_DOCUMENTATION_COMMENTS = YES;
				CLANG_WARN_EMPTY_BODY = YES;
				CLANG_WARN_ENUM_CONVERSION = YES;
				CLANG_WARN_INFINITE_RECURSION = YES;
				CLANG_WARN_INT_CONVERSION = YES;
				CLANG_WARN_NON_LITERAL_NULL_CONVERSION = YES;
				CLANG_WARN_OBJC_IMPLICIT_RETAIN_SELF = YES;
				CLANG_WARN_OBJC_LITERAL_CONVERSION = YES;
				CLANG_WARN_OBJC_ROOT_CLASS = YES_ERROR;
				CLANG_WARN_QUOTED_INCLUDE_IN_FRAMEWORK_HEADER = YES;
				CLANG_WARN_RANGE_LOOP_ANALYSIS = YES;
				CLANG_WARN_STRICT_PROTOTYPES = YES;
				CLANG_WARN_SUSPICIOUS_MOVE = YES;
				CLANG_WARN_UNGUARDED_AVAILABILITY = YES_AGGRESSIVE;
				CLANG_WARN_UNREACHABLE_CODE = YES;
				CLANG_WARN__DUPLICATE_METHOD_MATCH = YES;
				COPY_PHASE_STRIP = NO;
				DEBUG_INFORMATION_FORMAT = dwarf;
				ENABLE_STRICT_OBJC_MSGSEND = YES;
				ENABLE_TESTABILITY = YES;
				GCC_C_LANGUAGE_STANDARD = gnu11;
				GCC_DYNAMIC_NO_PIC = NO;
				GCC_NO_COMMON_BLOCKS = YES;
				GCC_OPTIMIZATION_LEVEL = 0;
				GCC_PREPROCESSOR_DEFINITIONS = (
					"DEBUG=1",
					"$(inherited)",
				);
				GCC_WARN_64_TO_32_BIT_CONVERSION = YES;
				GCC_WARN_ABOUT_RETURN_TYPE = YES_ERROR;
				GCC_WARN_UNDECLARED_SELECTOR = YES;
				GCC_WARN_UNINITIALIZED_AUTOS = YES_AGGRESSIVE;
				GCC_WARN_UNUSED_FUNCTION = YES;
				GCC_WARN_UNUSED_VARIABLE = YES;
				IPHONEOS_DEPLOYMENT_TARGET = 16.0;
				MTL_ENABLE_DEBUG_INFO = INCLUDE_SOURCE;
				MTL_FAST_MATH = YES;
				ONLY_ACTIVE_ARCH = YES;
				SDKROOT = iphoneos;
				SWIFT_ACTIVE_COMPILATION_CONDITIONS = DEBUG;
				SWIFT_OPTIMIZATION_LEVEL = "-Onone";
			};
			name = Debug;
		};
		79DDA69A29B4FB7000B04E2A /* Release */ = {
			isa = XCBuildConfiguration;
			buildSettings = {
				ALWAYS_SEARCH_USER_PATHS = NO;
				CLANG_ANALYZER_NONNULL = YES;
				CLANG_ANALYZER_NUMBER_OBJECT_CONVERSION = YES_AGGRESSIVE;
				CLANG_CXX_LANGUAGE_STANDARD = "gnu++20";
				CLANG_ENABLE_MODULES = YES;
				CLANG_ENABLE_OBJC_ARC = YES;
				CLANG_ENABLE_OBJC_WEAK = YES;
				CLANG_WARN_BLOCK_CAPTURE_AUTORELEASING = YES;
				CLANG_WARN_BOOL_CONVERSION = YES;
				CLANG_WARN_COMMA = YES;
				CLANG_WARN_CONSTANT_CONVERSION = YES;
				CLANG_WARN_DEPRECATED_OBJC_IMPLEMENTATIONS = YES;
				CLANG_WARN_DIRECT_OBJC_ISA_USAGE = YES_ERROR;
				CLANG_WARN_DOCUMENTATION_COMMENTS = YES;
				CLANG_WARN_EMPTY_BODY = YES;
				CLANG_WARN_ENUM_CONVERSION = YES;
				CLANG_WARN_INFINITE_RECURSION = YES;
				CLANG_WARN_INT_CONVERSION = YES;
				CLANG_WARN_NON_LITERAL_NULL_CONVERSION = YES;
				CLANG_WARN_OBJC_IMPLICIT_RETAIN_SELF = YES;
				CLANG_WARN_OBJC_LITERAL_CONVERSION = YES;
				CLANG_WARN_OBJC_ROOT_CLASS = YES_ERROR;
				CLANG_WARN_QUOTED_INCLUDE_IN_FRAMEWORK_HEADER = YES;
				CLANG_WARN_RANGE_LOOP_ANALYSIS = YES;
				CLANG_WARN_STRICT_PROTOTYPES = YES;
				CLANG_WARN_SUSPICIOUS_MOVE = YES;
				CLANG_WARN_UNGUARDED_AVAILABILITY = YES_AGGRESSIVE;
				CLANG_WARN_UNREACHABLE_CODE = YES;
				CLANG_WARN__DUPLICATE_METHOD_MATCH = YES;
				COPY_PHASE_STRIP = NO;
				DEBUG_INFORMATION_FORMAT = "dwarf-with-dsym";
				ENABLE_NS_ASSERTIONS = NO;
				ENABLE_STRICT_OBJC_MSGSEND = YES;
				GCC_C_LANGUAGE_STANDARD = gnu11;
				GCC_NO_COMMON_BLOCKS = YES;
				GCC_WARN_64_TO_32_BIT_CONVERSION = YES;
				GCC_WARN_ABOUT_RETURN_TYPE = YES_ERROR;
				GCC_WARN_UNDECLARED_SELECTOR = YES;
				GCC_WARN_UNINITIALIZED_AUTOS = YES_AGGRESSIVE;
				GCC_WARN_UNUSED_FUNCTION = YES;
				GCC_WARN_UNUSED_VARIABLE = YES;
				IPHONEOS_DEPLOYMENT_TARGET = 16.0;
				MTL_ENABLE_DEBUG_INFO = NO;
				MTL_FAST_MATH = YES;
				SDKROOT = iphoneos;
				SWIFT_COMPILATION_MODE = wholemodule;
				SWIFT_OPTIMIZATION_LEVEL = "-O";
				VALIDATE_PRODUCT = YES;
			};
			name = Release;
		};
		79DDA69C29B4FB7000B04E2A /* Debug */ = {
			isa = XCBuildConfiguration;
			baseConfigurationReference = CF35A98EBE118096C5AF97E8 /* Pods-BeThere.debug.xcconfig */;
			buildSettings = {
				ASSETCATALOG_COMPILER_APPICON_NAME = AppIcon;
				ASSETCATALOG_COMPILER_GLOBAL_ACCENT_COLOR_NAME = AccentColor;
				CODE_SIGN_STYLE = Automatic;
				CURRENT_PROJECT_VERSION = 1;
				DEVELOPMENT_ASSET_PATHS = "\"BeThere/Preview Content\"";
				DEVELOPMENT_TEAM = 2D3N9A382G;
				ENABLE_PREVIEWS = YES;
				GENERATE_INFOPLIST_FILE = YES;
				INFOPLIST_KEY_UIApplicationSceneManifest_Generation = YES;
				INFOPLIST_KEY_UIApplicationSupportsIndirectInputEvents = YES;
				INFOPLIST_KEY_UILaunchScreen_Generation = YES;
				INFOPLIST_KEY_UIStatusBarStyle = UIStatusBarStyleDarkContent;
				INFOPLIST_KEY_UISupportedInterfaceOrientations = UIInterfaceOrientationPortrait;
				INFOPLIST_KEY_UISupportedInterfaceOrientations_iPad = "UIInterfaceOrientationLandscapeLeft UIInterfaceOrientationLandscapeRight UIInterfaceOrientationPortrait UIInterfaceOrientationPortraitUpsideDown";
				LD_RUNPATH_SEARCH_PATHS = (
					"$(inherited)",
					"@executable_path/Frameworks",
				);
				MARKETING_VERSION = 1.0;
				PRODUCT_BUNDLE_IDENTIFIER = me.bercidalnoky.BeThere;
				PRODUCT_NAME = "$(TARGET_NAME)";
				SUPPORTED_PLATFORMS = "iphoneos iphonesimulator";
				SUPPORTS_MACCATALYST = NO;
				SUPPORTS_MAC_DESIGNED_FOR_IPHONE_IPAD = NO;
				SWIFT_EMIT_LOC_STRINGS = YES;
				SWIFT_VERSION = 5.0;
				TARGETED_DEVICE_FAMILY = 1;
			};
			name = Debug;
		};
		79DDA69D29B4FB7000B04E2A /* Release */ = {
			isa = XCBuildConfiguration;
			baseConfigurationReference = B7A019FF2B4B235760874CD4 /* Pods-BeThere.release.xcconfig */;
			buildSettings = {
				ASSETCATALOG_COMPILER_APPICON_NAME = AppIcon;
				ASSETCATALOG_COMPILER_GLOBAL_ACCENT_COLOR_NAME = AccentColor;
				CODE_SIGN_STYLE = Automatic;
				CURRENT_PROJECT_VERSION = 1;
				DEVELOPMENT_ASSET_PATHS = "\"BeThere/Preview Content\"";
				DEVELOPMENT_TEAM = 2D3N9A382G;
				ENABLE_PREVIEWS = YES;
				GENERATE_INFOPLIST_FILE = YES;
				INFOPLIST_KEY_UIApplicationSceneManifest_Generation = YES;
				INFOPLIST_KEY_UIApplicationSupportsIndirectInputEvents = YES;
				INFOPLIST_KEY_UILaunchScreen_Generation = YES;
				INFOPLIST_KEY_UIStatusBarStyle = UIStatusBarStyleDarkContent;
				INFOPLIST_KEY_UISupportedInterfaceOrientations = UIInterfaceOrientationPortrait;
				INFOPLIST_KEY_UISupportedInterfaceOrientations_iPad = "UIInterfaceOrientationLandscapeLeft UIInterfaceOrientationLandscapeRight UIInterfaceOrientationPortrait UIInterfaceOrientationPortraitUpsideDown";
				LD_RUNPATH_SEARCH_PATHS = (
					"$(inherited)",
					"@executable_path/Frameworks",
				);
				MARKETING_VERSION = 1.0;
				PRODUCT_BUNDLE_IDENTIFIER = me.bercidalnoky.BeThere;
				PRODUCT_NAME = "$(TARGET_NAME)";
				SUPPORTED_PLATFORMS = "iphoneos iphonesimulator";
				SUPPORTS_MACCATALYST = NO;
				SUPPORTS_MAC_DESIGNED_FOR_IPHONE_IPAD = NO;
				SWIFT_EMIT_LOC_STRINGS = YES;
				SWIFT_VERSION = 5.0;
				TARGETED_DEVICE_FAMILY = 1;
			};
			name = Release;
		};
		79DDA69F29B4FB7000B04E2A /* Debug */ = {
			isa = XCBuildConfiguration;
			buildSettings = {
				ALWAYS_EMBED_SWIFT_STANDARD_LIBRARIES = YES;
				BUNDLE_LOADER = "$(TEST_HOST)";
				CODE_SIGN_STYLE = Automatic;
				CURRENT_PROJECT_VERSION = 1;
				DEVELOPMENT_TEAM = 2D3N9A382G;
				GENERATE_INFOPLIST_FILE = YES;
				IPHONEOS_DEPLOYMENT_TARGET = 16.0;
				MARKETING_VERSION = 1.0;
				PRODUCT_BUNDLE_IDENTIFIER = me.bercidalnoky.BeThereTests;
				PRODUCT_NAME = "$(TARGET_NAME)";
				SWIFT_EMIT_LOC_STRINGS = NO;
				SWIFT_VERSION = 5.0;
				TARGETED_DEVICE_FAMILY = "1,2";
				TEST_HOST = "$(BUILT_PRODUCTS_DIR)/BeThere.app/$(BUNDLE_EXECUTABLE_FOLDER_PATH)/BeThere";
			};
			name = Debug;
		};
		79DDA6A029B4FB7000B04E2A /* Release */ = {
			isa = XCBuildConfiguration;
			buildSettings = {
				ALWAYS_EMBED_SWIFT_STANDARD_LIBRARIES = YES;
				BUNDLE_LOADER = "$(TEST_HOST)";
				CODE_SIGN_STYLE = Automatic;
				CURRENT_PROJECT_VERSION = 1;
				DEVELOPMENT_TEAM = 2D3N9A382G;
				GENERATE_INFOPLIST_FILE = YES;
				IPHONEOS_DEPLOYMENT_TARGET = 16.0;
				MARKETING_VERSION = 1.0;
				PRODUCT_BUNDLE_IDENTIFIER = me.bercidalnoky.BeThereTests;
				PRODUCT_NAME = "$(TARGET_NAME)";
				SWIFT_EMIT_LOC_STRINGS = NO;
				SWIFT_VERSION = 5.0;
				TARGETED_DEVICE_FAMILY = "1,2";
				TEST_HOST = "$(BUILT_PRODUCTS_DIR)/BeThere.app/$(BUNDLE_EXECUTABLE_FOLDER_PATH)/BeThere";
			};
			name = Release;
		};
		79DDA6A229B4FB7000B04E2A /* Debug */ = {
			isa = XCBuildConfiguration;
			buildSettings = {
				ALWAYS_EMBED_SWIFT_STANDARD_LIBRARIES = YES;
				CODE_SIGN_STYLE = Automatic;
				CURRENT_PROJECT_VERSION = 1;
				DEVELOPMENT_TEAM = 2D3N9A382G;
				GENERATE_INFOPLIST_FILE = YES;
				MARKETING_VERSION = 1.0;
				PRODUCT_BUNDLE_IDENTIFIER = me.bercidalnoky.BeThereUITests;
				PRODUCT_NAME = "$(TARGET_NAME)";
				SWIFT_EMIT_LOC_STRINGS = NO;
				SWIFT_VERSION = 5.0;
				TARGETED_DEVICE_FAMILY = "1,2";
				TEST_TARGET_NAME = BeThere;
			};
			name = Debug;
		};
		79DDA6A329B4FB7000B04E2A /* Release */ = {
			isa = XCBuildConfiguration;
			buildSettings = {
				ALWAYS_EMBED_SWIFT_STANDARD_LIBRARIES = YES;
				CODE_SIGN_STYLE = Automatic;
				CURRENT_PROJECT_VERSION = 1;
				DEVELOPMENT_TEAM = 2D3N9A382G;
				GENERATE_INFOPLIST_FILE = YES;
				MARKETING_VERSION = 1.0;
				PRODUCT_BUNDLE_IDENTIFIER = me.bercidalnoky.BeThereUITests;
				PRODUCT_NAME = "$(TARGET_NAME)";
				SWIFT_EMIT_LOC_STRINGS = NO;
				SWIFT_VERSION = 5.0;
				TARGETED_DEVICE_FAMILY = "1,2";
				TEST_TARGET_NAME = BeThere;
			};
			name = Release;
		};
/* End XCBuildConfiguration section */

/* Begin XCConfigurationList section */
		79DDA67229B4FB6F00B04E2A /* Build configuration list for PBXProject "BeThere" */ = {
			isa = XCConfigurationList;
			buildConfigurations = (
				79DDA69929B4FB7000B04E2A /* Debug */,
				79DDA69A29B4FB7000B04E2A /* Release */,
			);
			defaultConfigurationIsVisible = 0;
			defaultConfigurationName = Release;
		};
		79DDA69B29B4FB7000B04E2A /* Build configuration list for PBXNativeTarget "BeThere" */ = {
			isa = XCConfigurationList;
			buildConfigurations = (
				79DDA69C29B4FB7000B04E2A /* Debug */,
				79DDA69D29B4FB7000B04E2A /* Release */,
			);
			defaultConfigurationIsVisible = 0;
			defaultConfigurationName = Release;
		};
		79DDA69E29B4FB7000B04E2A /* Build configuration list for PBXNativeTarget "BeThereTests" */ = {
			isa = XCConfigurationList;
			buildConfigurations = (
				79DDA69F29B4FB7000B04E2A /* Debug */,
				79DDA6A029B4FB7000B04E2A /* Release */,
			);
			defaultConfigurationIsVisible = 0;
			defaultConfigurationName = Release;
		};
		79DDA6A129B4FB7000B04E2A /* Build configuration list for PBXNativeTarget "BeThereUITests" */ = {
			isa = XCConfigurationList;
			buildConfigurations = (
				79DDA6A229B4FB7000B04E2A /* Debug */,
				79DDA6A329B4FB7000B04E2A /* Release */,
			);
			defaultConfigurationIsVisible = 0;
			defaultConfigurationName = Release;
		};
/* End XCConfigurationList section */
	};
	rootObject = 79DDA66F29B4FB6F00B04E2A /* Project object */;
}
